
Microsoft Visual Studio Solution File, Format Version 12.00
# Visual Studio Version 16
VisualStudioVersion = 16.0.31205.134
MinimumVisualStudioVersion = 10.0.40219.1
Project("{D954291E-2A0B-460D-934E-DC6B0785DB48}") = "Dashboard.Shared", "Dashboard.Shared\Dashboard.Shared.shproj", "{6279C845-92F8-4333-AB99-3D213163593C}"
EndProject
Project("{2150E333-8FDC-42A3-9474-1A3956D46DE8}") = "Platforms", "Platforms", "{E3D0304E-1512-4B7A-B830-43F5E384A24F}"
EndProject
Project("{FAE04EC0-301F-11D3-BF4B-00C04F79EFBC}") = "Dashboard.UWP", "Dashboard.UWP\Dashboard.UWP.csproj", "{13BE2CB4-53DE-4098-BE94-6DBB52246CA0}"
EndProject
Project("{9A19103F-16F7-4668-BE54-9A1E7A4F7556}") = "Dashboard.Wasm", "Dashboard.Wasm\Dashboard.Wasm.csproj", "{D2CC2C9E-5859-4751-A252-91C6364A61D1}"
EndProject
Project("{9A19103F-16F7-4668-BE54-9A1E7A4F7556}") = "UnoBookRail.Common", "..\SharedLibrary\UnoBookRail.Common\UnoBookRail.Common.csproj", "{352470CD-D7CA-408B-B734-60FEF79F7E41}"
EndProject
Project("{9A19103F-16F7-4668-BE54-9A1E7A4F7556}") = "Syncfusion.SfChart.Uno", "..\..\syncfusion-Uno.SfChart\Src\Syncfusion.SfChart.Uno.csproj", "{146704D6-4A03-4A73-8CE8-09024910B4CC}"
EndProject
Global
	GlobalSection(SharedMSBuildProjectFiles) = preSolution
		Dashboard.Shared\Dashboard.Shared.projitems*{13be2cb4-53de-4098-be94-6dbb52246ca0}*SharedItemsImports = 4
		Dashboard.Shared\Dashboard.Shared.projitems*{6279c845-92f8-4333-ab99-3d213163593c}*SharedItemsImports = 13
		Dashboard.Shared\Dashboard.Shared.projitems*{d2cc2c9e-5859-4751-a252-91c6364a61d1}*SharedItemsImports = 5
	EndGlobalSection
	GlobalSection(SolutionConfigurationPlatforms) = preSolution
		Ad-Hoc|Any CPU = Ad-Hoc|Any CPU
		Ad-Hoc|ARM = Ad-Hoc|ARM
		Ad-Hoc|ARM64 = Ad-Hoc|ARM64
		Ad-Hoc|iPhone = Ad-Hoc|iPhone
		Ad-Hoc|iPhoneSimulator = Ad-Hoc|iPhoneSimulator
		Ad-Hoc|x64 = Ad-Hoc|x64
		Ad-Hoc|x86 = Ad-Hoc|x86
		AppStore|Any CPU = AppStore|Any CPU
		AppStore|ARM = AppStore|ARM
		AppStore|ARM64 = AppStore|ARM64
		AppStore|iPhone = AppStore|iPhone
		AppStore|iPhoneSimulator = AppStore|iPhoneSimulator
		AppStore|x64 = AppStore|x64
		AppStore|x86 = AppStore|x86
		Debug|Any CPU = Debug|Any CPU
		Debug|ARM = Debug|ARM
		Debug|ARM64 = Debug|ARM64
		Debug|iPhone = Debug|iPhone
		Debug|iPhoneSimulator = Debug|iPhoneSimulator
		Debug|x64 = Debug|x64
		Debug|x86 = Debug|x86
		Release|Any CPU = Release|Any CPU
		Release|ARM = Release|ARM
		Release|ARM64 = Release|ARM64
		Release|iPhone = Release|iPhone
		Release|iPhoneSimulator = Release|iPhoneSimulator
		Release|x64 = Release|x64
		Release|x86 = Release|x86
	EndGlobalSection
	GlobalSection(ProjectConfigurationPlatforms) = postSolution
		{13BE2CB4-53DE-4098-BE94-6DBB52246CA0}.Ad-Hoc|Any CPU.ActiveCfg = Debug|x86
		{13BE2CB4-53DE-4098-BE94-6DBB52246CA0}.Ad-Hoc|Any CPU.Build.0 = Debug|x86
		{13BE2CB4-53DE-4098-BE94-6DBB52246CA0}.Ad-Hoc|Any CPU.Deploy.0 = Debug|x86
		{13BE2CB4-53DE-4098-BE94-6DBB52246CA0}.Ad-Hoc|ARM.ActiveCfg = Debug|ARM
		{13BE2CB4-53DE-4098-BE94-6DBB52246CA0}.Ad-Hoc|ARM.Build.0 = Debug|ARM
		{13BE2CB4-53DE-4098-BE94-6DBB52246CA0}.Ad-Hoc|ARM.Deploy.0 = Debug|ARM
		{13BE2CB4-53DE-4098-BE94-6DBB52246CA0}.Ad-Hoc|ARM64.ActiveCfg = Debug|ARM64
		{13BE2CB4-53DE-4098-BE94-6DBB52246CA0}.Ad-Hoc|ARM64.Build.0 = Debug|ARM64
		{13BE2CB4-53DE-4098-BE94-6DBB52246CA0}.Ad-Hoc|ARM64.Deploy.0 = Debug|ARM64
		{13BE2CB4-53DE-4098-BE94-6DBB52246CA0}.Ad-Hoc|iPhone.ActiveCfg = Debug|x86
		{13BE2CB4-53DE-4098-BE94-6DBB52246CA0}.Ad-Hoc|iPhone.Build.0 = Debug|x86
		{13BE2CB4-53DE-4098-BE94-6DBB52246CA0}.Ad-Hoc|iPhone.Deploy.0 = Debug|x86
		{13BE2CB4-53DE-4098-BE94-6DBB52246CA0}.Ad-Hoc|iPhoneSimulator.ActiveCfg = Debug|x86
		{13BE2CB4-53DE-4098-BE94-6DBB52246CA0}.Ad-Hoc|iPhoneSimulator.Build.0 = Debug|x86
		{13BE2CB4-53DE-4098-BE94-6DBB52246CA0}.Ad-Hoc|iPhoneSimulator.Deploy.0 = Debug|x86
		{13BE2CB4-53DE-4098-BE94-6DBB52246CA0}.Ad-Hoc|x64.ActiveCfg = Debug|x64
		{13BE2CB4-53DE-4098-BE94-6DBB52246CA0}.Ad-Hoc|x64.Build.0 = Debug|x64
		{13BE2CB4-53DE-4098-BE94-6DBB52246CA0}.Ad-Hoc|x64.Deploy.0 = Debug|x64
		{13BE2CB4-53DE-4098-BE94-6DBB52246CA0}.Ad-Hoc|x86.ActiveCfg = Debug|x86
		{13BE2CB4-53DE-4098-BE94-6DBB52246CA0}.Ad-Hoc|x86.Build.0 = Debug|x86
		{13BE2CB4-53DE-4098-BE94-6DBB52246CA0}.Ad-Hoc|x86.Deploy.0 = Debug|x86
		{13BE2CB4-53DE-4098-BE94-6DBB52246CA0}.AppStore|Any CPU.ActiveCfg = Debug|x86
		{13BE2CB4-53DE-4098-BE94-6DBB52246CA0}.AppStore|Any CPU.Build.0 = Debug|x86
		{13BE2CB4-53DE-4098-BE94-6DBB52246CA0}.AppStore|Any CPU.Deploy.0 = Debug|x86
		{13BE2CB4-53DE-4098-BE94-6DBB52246CA0}.AppStore|ARM.ActiveCfg = Debug|ARM
		{13BE2CB4-53DE-4098-BE94-6DBB52246CA0}.AppStore|ARM.Build.0 = Debug|ARM
		{13BE2CB4-53DE-4098-BE94-6DBB52246CA0}.AppStore|ARM.Deploy.0 = Debug|ARM
		{13BE2CB4-53DE-4098-BE94-6DBB52246CA0}.AppStore|ARM64.ActiveCfg = Debug|ARM64
		{13BE2CB4-53DE-4098-BE94-6DBB52246CA0}.AppStore|ARM64.Build.0 = Debug|ARM64
		{13BE2CB4-53DE-4098-BE94-6DBB52246CA0}.AppStore|ARM64.Deploy.0 = Debug|ARM64
		{13BE2CB4-53DE-4098-BE94-6DBB52246CA0}.AppStore|iPhone.ActiveCfg = Debug|x86
		{13BE2CB4-53DE-4098-BE94-6DBB52246CA0}.AppStore|iPhone.Build.0 = Debug|x86
		{13BE2CB4-53DE-4098-BE94-6DBB52246CA0}.AppStore|iPhone.Deploy.0 = Debug|x86
		{13BE2CB4-53DE-4098-BE94-6DBB52246CA0}.AppStore|iPhoneSimulator.ActiveCfg = Debug|x86
		{13BE2CB4-53DE-4098-BE94-6DBB52246CA0}.AppStore|iPhoneSimulator.Build.0 = Debug|x86
		{13BE2CB4-53DE-4098-BE94-6DBB52246CA0}.AppStore|iPhoneSimulator.Deploy.0 = Debug|x86
		{13BE2CB4-53DE-4098-BE94-6DBB52246CA0}.AppStore|x64.ActiveCfg = Debug|x64
		{13BE2CB4-53DE-4098-BE94-6DBB52246CA0}.AppStore|x64.Build.0 = Debug|x64
		{13BE2CB4-53DE-4098-BE94-6DBB52246CA0}.AppStore|x64.Deploy.0 = Debug|x64
		{13BE2CB4-53DE-4098-BE94-6DBB52246CA0}.AppStore|x86.ActiveCfg = Debug|x86
		{13BE2CB4-53DE-4098-BE94-6DBB52246CA0}.AppStore|x86.Build.0 = Debug|x86
		{13BE2CB4-53DE-4098-BE94-6DBB52246CA0}.AppStore|x86.Deploy.0 = Debug|x86
		{13BE2CB4-53DE-4098-BE94-6DBB52246CA0}.Debug|Any CPU.ActiveCfg = Debug|x86
		{13BE2CB4-53DE-4098-BE94-6DBB52246CA0}.Debug|Any CPU.Build.0 = Debug|x86
		{13BE2CB4-53DE-4098-BE94-6DBB52246CA0}.Debug|Any CPU.Deploy.0 = Debug|x86
		{13BE2CB4-53DE-4098-BE94-6DBB52246CA0}.Debug|ARM.ActiveCfg = Debug|ARM
		{13BE2CB4-53DE-4098-BE94-6DBB52246CA0}.Debug|ARM.Build.0 = Debug|ARM
		{13BE2CB4-53DE-4098-BE94-6DBB52246CA0}.Debug|ARM.Deploy.0 = Debug|ARM
		{13BE2CB4-53DE-4098-BE94-6DBB52246CA0}.Debug|ARM64.ActiveCfg = Debug|ARM64
		{13BE2CB4-53DE-4098-BE94-6DBB52246CA0}.Debug|ARM64.Build.0 = Debug|ARM64
		{13BE2CB4-53DE-4098-BE94-6DBB52246CA0}.Debug|ARM64.Deploy.0 = Debug|ARM64
		{13BE2CB4-53DE-4098-BE94-6DBB52246CA0}.Debug|iPhone.ActiveCfg = Debug|x86
		{13BE2CB4-53DE-4098-BE94-6DBB52246CA0}.Debug|iPhoneSimulator.ActiveCfg = Debug|x86
		{13BE2CB4-53DE-4098-BE94-6DBB52246CA0}.Debug|x64.ActiveCfg = Debug|x64
		{13BE2CB4-53DE-4098-BE94-6DBB52246CA0}.Debug|x64.Build.0 = Debug|x64
		{13BE2CB4-53DE-4098-BE94-6DBB52246CA0}.Debug|x64.Deploy.0 = Debug|x64
		{13BE2CB4-53DE-4098-BE94-6DBB52246CA0}.Debug|x86.ActiveCfg = Debug|x86
		{13BE2CB4-53DE-4098-BE94-6DBB52246CA0}.Debug|x86.Build.0 = Debug|x86
		{13BE2CB4-53DE-4098-BE94-6DBB52246CA0}.Debug|x86.Deploy.0 = Debug|x86
		{13BE2CB4-53DE-4098-BE94-6DBB52246CA0}.Release|Any CPU.ActiveCfg = Release|x86
		{13BE2CB4-53DE-4098-BE94-6DBB52246CA0}.Release|ARM.ActiveCfg = Release|ARM
		{13BE2CB4-53DE-4098-BE94-6DBB52246CA0}.Release|ARM.Build.0 = Release|ARM
		{13BE2CB4-53DE-4098-BE94-6DBB52246CA0}.Release|ARM.Deploy.0 = Release|ARM
		{13BE2CB4-53DE-4098-BE94-6DBB52246CA0}.Release|ARM64.ActiveCfg = Release|ARM64
		{13BE2CB4-53DE-4098-BE94-6DBB52246CA0}.Release|ARM64.Build.0 = Release|ARM64
		{13BE2CB4-53DE-4098-BE94-6DBB52246CA0}.Release|ARM64.Deploy.0 = Release|ARM64
		{13BE2CB4-53DE-4098-BE94-6DBB52246CA0}.Release|iPhone.ActiveCfg = Release|x86
		{13BE2CB4-53DE-4098-BE94-6DBB52246CA0}.Release|iPhoneSimulator.ActiveCfg = Release|x86
		{13BE2CB4-53DE-4098-BE94-6DBB52246CA0}.Release|x64.ActiveCfg = Release|x64
		{13BE2CB4-53DE-4098-BE94-6DBB52246CA0}.Release|x64.Build.0 = Release|x64
		{13BE2CB4-53DE-4098-BE94-6DBB52246CA0}.Release|x64.Deploy.0 = Release|x64
		{13BE2CB4-53DE-4098-BE94-6DBB52246CA0}.Release|x86.ActiveCfg = Release|x86
		{13BE2CB4-53DE-4098-BE94-6DBB52246CA0}.Release|x86.Build.0 = Release|x86
		{13BE2CB4-53DE-4098-BE94-6DBB52246CA0}.Release|x86.Deploy.0 = Release|x86
		{D2CC2C9E-5859-4751-A252-91C6364A61D1}.Ad-Hoc|Any CPU.ActiveCfg = Debug|Any CPU
		{D2CC2C9E-5859-4751-A252-91C6364A61D1}.Ad-Hoc|Any CPU.Build.0 = Debug|Any CPU
		{D2CC2C9E-5859-4751-A252-91C6364A61D1}.Ad-Hoc|ARM.ActiveCfg = Debug|Any CPU
		{D2CC2C9E-5859-4751-A252-91C6364A61D1}.Ad-Hoc|ARM.Build.0 = Debug|Any CPU
		{D2CC2C9E-5859-4751-A252-91C6364A61D1}.Ad-Hoc|ARM64.ActiveCfg = Debug|Any CPU
		{D2CC2C9E-5859-4751-A252-91C6364A61D1}.Ad-Hoc|ARM64.Build.0 = Debug|Any CPU
		{D2CC2C9E-5859-4751-A252-91C6364A61D1}.Ad-Hoc|iPhone.ActiveCfg = Debug|Any CPU
		{D2CC2C9E-5859-4751-A252-91C6364A61D1}.Ad-Hoc|iPhone.Build.0 = Debug|Any CPU
		{D2CC2C9E-5859-4751-A252-91C6364A61D1}.Ad-Hoc|iPhoneSimulator.ActiveCfg = Debug|Any CPU
		{D2CC2C9E-5859-4751-A252-91C6364A61D1}.Ad-Hoc|iPhoneSimulator.Build.0 = Debug|Any CPU
		{D2CC2C9E-5859-4751-A252-91C6364A61D1}.Ad-Hoc|x64.ActiveCfg = Debug|Any CPU
		{D2CC2C9E-5859-4751-A252-91C6364A61D1}.Ad-Hoc|x64.Build.0 = Debug|Any CPU
		{D2CC2C9E-5859-4751-A252-91C6364A61D1}.Ad-Hoc|x86.ActiveCfg = Debug|Any CPU
		{D2CC2C9E-5859-4751-A252-91C6364A61D1}.Ad-Hoc|x86.Build.0 = Debug|Any CPU
		{D2CC2C9E-5859-4751-A252-91C6364A61D1}.AppStore|Any CPU.ActiveCfg = Debug|Any CPU
		{D2CC2C9E-5859-4751-A252-91C6364A61D1}.AppStore|Any CPU.Build.0 = Debug|Any CPU
		{D2CC2C9E-5859-4751-A252-91C6364A61D1}.AppStore|ARM.ActiveCfg = Debug|Any CPU
		{D2CC2C9E-5859-4751-A252-91C6364A61D1}.AppStore|ARM.Build.0 = Debug|Any CPU
		{D2CC2C9E-5859-4751-A252-91C6364A61D1}.AppStore|ARM64.ActiveCfg = Debug|Any CPU
		{D2CC2C9E-5859-4751-A252-91C6364A61D1}.AppStore|ARM64.Build.0 = Debug|Any CPU
		{D2CC2C9E-5859-4751-A252-91C6364A61D1}.AppStore|iPhone.ActiveCfg = Debug|Any CPU
		{D2CC2C9E-5859-4751-A252-91C6364A61D1}.AppStore|iPhone.Build.0 = Debug|Any CPU
		{D2CC2C9E-5859-4751-A252-91C6364A61D1}.AppStore|iPhoneSimulator.ActiveCfg = Debug|Any CPU
		{D2CC2C9E-5859-4751-A252-91C6364A61D1}.AppStore|iPhoneSimulator.Build.0 = Debug|Any CPU
		{D2CC2C9E-5859-4751-A252-91C6364A61D1}.AppStore|x64.ActiveCfg = Debug|Any CPU
		{D2CC2C9E-5859-4751-A252-91C6364A61D1}.AppStore|x64.Build.0 = Debug|Any CPU
		{D2CC2C9E-5859-4751-A252-91C6364A61D1}.AppStore|x86.ActiveCfg = Debug|Any CPU
		{D2CC2C9E-5859-4751-A252-91C6364A61D1}.AppStore|x86.Build.0 = Debug|Any CPU
		{D2CC2C9E-5859-4751-A252-91C6364A61D1}.Debug|Any CPU.ActiveCfg = Debug|Any CPU
		{D2CC2C9E-5859-4751-A252-91C6364A61D1}.Debug|Any CPU.Build.0 = Debug|Any CPU
		{D2CC2C9E-5859-4751-A252-91C6364A61D1}.Debug|ARM.ActiveCfg = Debug|Any CPU
		{D2CC2C9E-5859-4751-A252-91C6364A61D1}.Debug|ARM.Build.0 = Debug|Any CPU
		{D2CC2C9E-5859-4751-A252-91C6364A61D1}.Debug|ARM64.ActiveCfg = Debug|Any CPU
		{D2CC2C9E-5859-4751-A252-91C6364A61D1}.Debug|ARM64.Build.0 = Debug|Any CPU
		{D2CC2C9E-5859-4751-A252-91C6364A61D1}.Debug|iPhone.ActiveCfg = Debug|Any CPU
		{D2CC2C9E-5859-4751-A252-91C6364A61D1}.Debug|iPhone.Build.0 = Debug|Any CPU
		{D2CC2C9E-5859-4751-A252-91C6364A61D1}.Debug|iPhoneSimulator.ActiveCfg = Debug|Any CPU
		{D2CC2C9E-5859-4751-A252-91C6364A61D1}.Debug|iPhoneSimulator.Build.0 = Debug|Any CPU
		{D2CC2C9E-5859-4751-A252-91C6364A61D1}.Debug|x64.ActiveCfg = Debug|Any CPU
		{D2CC2C9E-5859-4751-A252-91C6364A61D1}.Debug|x64.Build.0 = Debug|Any CPU
		{D2CC2C9E-5859-4751-A252-91C6364A61D1}.Debug|x86.ActiveCfg = Debug|Any CPU
		{D2CC2C9E-5859-4751-A252-91C6364A61D1}.Debug|x86.Build.0 = Debug|Any CPU
		{D2CC2C9E-5859-4751-A252-91C6364A61D1}.Release|Any CPU.ActiveCfg = Release|Any CPU
		{D2CC2C9E-5859-4751-A252-91C6364A61D1}.Release|Any CPU.Build.0 = Release|Any CPU
		{D2CC2C9E-5859-4751-A252-91C6364A61D1}.Release|ARM.ActiveCfg = Release|Any CPU
		{D2CC2C9E-5859-4751-A252-91C6364A61D1}.Release|ARM.Build.0 = Release|Any CPU
		{D2CC2C9E-5859-4751-A252-91C6364A61D1}.Release|ARM64.ActiveCfg = Release|Any CPU
		{D2CC2C9E-5859-4751-A252-91C6364A61D1}.Release|ARM64.Build.0 = Release|Any CPU
		{D2CC2C9E-5859-4751-A252-91C6364A61D1}.Release|iPhone.ActiveCfg = Release|Any CPU
		{D2CC2C9E-5859-4751-A252-91C6364A61D1}.Release|iPhone.Build.0 = Release|Any CPU
		{D2CC2C9E-5859-4751-A252-91C6364A61D1}.Release|iPhoneSimulator.ActiveCfg = Release|Any CPU
		{D2CC2C9E-5859-4751-A252-91C6364A61D1}.Release|iPhoneSimulator.Build.0 = Release|Any CPU
		{D2CC2C9E-5859-4751-A252-91C6364A61D1}.Release|x64.ActiveCfg = Release|Any CPU
		{D2CC2C9E-5859-4751-A252-91C6364A61D1}.Release|x64.Build.0 = Release|Any CPU
		{D2CC2C9E-5859-4751-A252-91C6364A61D1}.Release|x86.ActiveCfg = Release|Any CPU
		{D2CC2C9E-5859-4751-A252-91C6364A61D1}.Release|x86.Build.0 = Release|Any CPU
		{352470CD-D7CA-408B-B734-60FEF79F7E41}.Ad-Hoc|Any CPU.ActiveCfg = Debug|Any CPU
		{352470CD-D7CA-408B-B734-60FEF79F7E41}.Ad-Hoc|Any CPU.Build.0 = Debug|Any CPU
		{352470CD-D7CA-408B-B734-60FEF79F7E41}.Ad-Hoc|ARM.ActiveCfg = Debug|Any CPU
		{352470CD-D7CA-408B-B734-60FEF79F7E41}.Ad-Hoc|ARM.Build.0 = Debug|Any CPU
		{352470CD-D7CA-408B-B734-60FEF79F7E41}.Ad-Hoc|ARM64.ActiveCfg = Debug|Any CPU
		{352470CD-D7CA-408B-B734-60FEF79F7E41}.Ad-Hoc|ARM64.Build.0 = Debug|Any CPU
		{352470CD-D7CA-408B-B734-60FEF79F7E41}.Ad-Hoc|iPhone.ActiveCfg = Debug|Any CPU
		{352470CD-D7CA-408B-B734-60FEF79F7E41}.Ad-Hoc|iPhone.Build.0 = Debug|Any CPU
		{352470CD-D7CA-408B-B734-60FEF79F7E41}.Ad-Hoc|iPhoneSimulator.ActiveCfg = Debug|Any CPU
		{352470CD-D7CA-408B-B734-60FEF79F7E41}.Ad-Hoc|iPhoneSimulator.Build.0 = Debug|Any CPU
		{352470CD-D7CA-408B-B734-60FEF79F7E41}.Ad-Hoc|x64.ActiveCfg = Debug|Any CPU
		{352470CD-D7CA-408B-B734-60FEF79F7E41}.Ad-Hoc|x64.Build.0 = Debug|Any CPU
		{352470CD-D7CA-408B-B734-60FEF79F7E41}.Ad-Hoc|x86.ActiveCfg = Debug|Any CPU
		{352470CD-D7CA-408B-B734-60FEF79F7E41}.Ad-Hoc|x86.Build.0 = Debug|Any CPU
		{352470CD-D7CA-408B-B734-60FEF79F7E41}.AppStore|Any CPU.ActiveCfg = Debug|Any CPU
		{352470CD-D7CA-408B-B734-60FEF79F7E41}.AppStore|Any CPU.Build.0 = Debug|Any CPU
		{352470CD-D7CA-408B-B734-60FEF79F7E41}.AppStore|ARM.ActiveCfg = Debug|Any CPU
		{352470CD-D7CA-408B-B734-60FEF79F7E41}.AppStore|ARM.Build.0 = Debug|Any CPU
		{352470CD-D7CA-408B-B734-60FEF79F7E41}.AppStore|ARM64.ActiveCfg = Debug|Any CPU
		{352470CD-D7CA-408B-B734-60FEF79F7E41}.AppStore|ARM64.Build.0 = Debug|Any CPU
		{352470CD-D7CA-408B-B734-60FEF79F7E41}.AppStore|iPhone.ActiveCfg = Debug|Any CPU
		{352470CD-D7CA-408B-B734-60FEF79F7E41}.AppStore|iPhone.Build.0 = Debug|Any CPU
		{352470CD-D7CA-408B-B734-60FEF79F7E41}.AppStore|iPhoneSimulator.ActiveCfg = Debug|Any CPU
		{352470CD-D7CA-408B-B734-60FEF79F7E41}.AppStore|iPhoneSimulator.Build.0 = Debug|Any CPU
		{352470CD-D7CA-408B-B734-60FEF79F7E41}.AppStore|x64.ActiveCfg = Debug|Any CPU
		{352470CD-D7CA-408B-B734-60FEF79F7E41}.AppStore|x64.Build.0 = Debug|Any CPU
		{352470CD-D7CA-408B-B734-60FEF79F7E41}.AppStore|x86.ActiveCfg = Debug|Any CPU
		{352470CD-D7CA-408B-B734-60FEF79F7E41}.AppStore|x86.Build.0 = Debug|Any CPU
		{352470CD-D7CA-408B-B734-60FEF79F7E41}.Debug|Any CPU.ActiveCfg = Debug|Any CPU
		{352470CD-D7CA-408B-B734-60FEF79F7E41}.Debug|Any CPU.Build.0 = Debug|Any CPU
		{352470CD-D7CA-408B-B734-60FEF79F7E41}.Debug|ARM.ActiveCfg = Debug|Any CPU
		{352470CD-D7CA-408B-B734-60FEF79F7E41}.Debug|ARM.Build.0 = Debug|Any CPU
		{352470CD-D7CA-408B-B734-60FEF79F7E41}.Debug|ARM64.ActiveCfg = Debug|Any CPU
		{352470CD-D7CA-408B-B734-60FEF79F7E41}.Debug|ARM64.Build.0 = Debug|Any CPU
		{352470CD-D7CA-408B-B734-60FEF79F7E41}.Debug|iPhone.ActiveCfg = Debug|Any CPU
		{352470CD-D7CA-408B-B734-60FEF79F7E41}.Debug|iPhone.Build.0 = Debug|Any CPU
		{352470CD-D7CA-408B-B734-60FEF79F7E41}.Debug|iPhoneSimulator.ActiveCfg = Debug|Any CPU
		{352470CD-D7CA-408B-B734-60FEF79F7E41}.Debug|iPhoneSimulator.Build.0 = Debug|Any CPU
		{352470CD-D7CA-408B-B734-60FEF79F7E41}.Debug|x64.ActiveCfg = Debug|Any CPU
		{352470CD-D7CA-408B-B734-60FEF79F7E41}.Debug|x64.Build.0 = Debug|Any CPU
		{352470CD-D7CA-408B-B734-60FEF79F7E41}.Debug|x86.ActiveCfg = Debug|Any CPU
		{352470CD-D7CA-408B-B734-60FEF79F7E41}.Debug|x86.Build.0 = Debug|Any CPU
		{352470CD-D7CA-408B-B734-60FEF79F7E41}.Release|Any CPU.ActiveCfg = Release|Any CPU
		{352470CD-D7CA-408B-B734-60FEF79F7E41}.Release|Any CPU.Build.0 = Release|Any CPU
		{352470CD-D7CA-408B-B734-60FEF79F7E41}.Release|ARM.ActiveCfg = Release|Any CPU
		{352470CD-D7CA-408B-B734-60FEF79F7E41}.Release|ARM.Build.0 = Release|Any CPU
		{352470CD-D7CA-408B-B734-60FEF79F7E41}.Release|ARM64.ActiveCfg = Release|Any CPU
		{352470CD-D7CA-408B-B734-60FEF79F7E41}.Release|ARM64.Build.0 = Release|Any CPU
		{352470CD-D7CA-408B-B734-60FEF79F7E41}.Release|iPhone.ActiveCfg = Release|Any CPU
		{352470CD-D7CA-408B-B734-60FEF79F7E41}.Release|iPhone.Build.0 = Release|Any CPU
		{352470CD-D7CA-408B-B734-60FEF79F7E41}.Release|iPhoneSimulator.ActiveCfg = Release|Any CPU
		{352470CD-D7CA-408B-B734-60FEF79F7E41}.Release|iPhoneSimulator.Build.0 = Release|Any CPU
		{352470CD-D7CA-408B-B734-60FEF79F7E41}.Release|x64.ActiveCfg = Release|Any CPU
		{352470CD-D7CA-408B-B734-60FEF79F7E41}.Release|x64.Build.0 = Release|Any CPU
		{352470CD-D7CA-408B-B734-60FEF79F7E41}.Release|x86.ActiveCfg = Release|Any CPU
		{352470CD-D7CA-408B-B734-60FEF79F7E41}.Release|x86.Build.0 = Release|Any CPU
		{146704D6-4A03-4A73-8CE8-09024910B4CC}.Ad-Hoc|Any CPU.ActiveCfg = Debug|Any CPU
		{146704D6-4A03-4A73-8CE8-09024910B4CC}.Ad-Hoc|Any CPU.Build.0 = Debug|Any CPU
		{146704D6-4A03-4A73-8CE8-09024910B4CC}.Ad-Hoc|ARM.ActiveCfg = Debug|Any CPU
		{146704D6-4A03-4A73-8CE8-09024910B4CC}.Ad-Hoc|ARM.Build.0 = Debug|Any CPU
		{146704D6-4A03-4A73-8CE8-09024910B4CC}.Ad-Hoc|ARM64.ActiveCfg = Debug|Any CPU
		{146704D6-4A03-4A73-8CE8-09024910B4CC}.Ad-Hoc|ARM64.Build.0 = Debug|Any CPU
		{146704D6-4A03-4A73-8CE8-09024910B4CC}.Ad-Hoc|iPhone.ActiveCfg = Debug|Any CPU
		{146704D6-4A03-4A73-8CE8-09024910B4CC}.Ad-Hoc|iPhone.Build.0 = Debug|Any CPU
		{146704D6-4A03-4A73-8CE8-09024910B4CC}.Ad-Hoc|iPhoneSimulator.ActiveCfg = Debug|Any CPU
		{146704D6-4A03-4A73-8CE8-09024910B4CC}.Ad-Hoc|iPhoneSimulator.Build.0 = Debug|Any CPU
		{146704D6-4A03-4A73-8CE8-09024910B4CC}.Ad-Hoc|x64.ActiveCfg = Debug|Any CPU
		{146704D6-4A03-4A73-8CE8-09024910B4CC}.Ad-Hoc|x64.Build.0 = Debug|Any CPU
		{146704D6-4A03-4A73-8CE8-09024910B4CC}.Ad-Hoc|x86.ActiveCfg = Debug|Any CPU
		{146704D6-4A03-4A73-8CE8-09024910B4CC}.Ad-Hoc|x86.Build.0 = Debug|Any CPU
		{146704D6-4A03-4A73-8CE8-09024910B4CC}.AppStore|Any CPU.ActiveCfg = Debug|Any CPU
		{146704D6-4A03-4A73-8CE8-09024910B4CC}.AppStore|Any CPU.Build.0 = Debug|Any CPU
		{146704D6-4A03-4A73-8CE8-09024910B4CC}.AppStore|ARM.ActiveCfg = Debug|Any CPU
		{146704D6-4A03-4A73-8CE8-09024910B4CC}.AppStore|ARM.Build.0 = Debug|Any CPU
		{146704D6-4A03-4A73-8CE8-09024910B4CC}.AppStore|ARM64.ActiveCfg = Debug|Any CPU
		{146704D6-4A03-4A73-8CE8-09024910B4CC}.AppStore|ARM64.Build.0 = Debug|Any CPU
		{146704D6-4A03-4A73-8CE8-09024910B4CC}.AppStore|iPhone.ActiveCfg = Debug|Any CPU
		{146704D6-4A03-4A73-8CE8-09024910B4CC}.AppStore|iPhone.Build.0 = Debug|Any CPU
		{146704D6-4A03-4A73-8CE8-09024910B4CC}.AppStore|iPhoneSimulator.ActiveCfg = Debug|Any CPU
		{146704D6-4A03-4A73-8CE8-09024910B4CC}.AppStore|iPhoneSimulator.Build.0 = Debug|Any CPU
		{146704D6-4A03-4A73-8CE8-09024910B4CC}.AppStore|x64.ActiveCfg = Debug|Any CPU
		{146704D6-4A03-4A73-8CE8-09024910B4CC}.AppStore|x64.Build.0 = Debug|Any CPU
		{146704D6-4A03-4A73-8CE8-09024910B4CC}.AppStore|x86.ActiveCfg = Debug|Any CPU
		{146704D6-4A03-4A73-8CE8-09024910B4CC}.AppStore|x86.Build.0 = Debug|Any CPU
		{146704D6-4A03-4A73-8CE8-09024910B4CC}.Debug|Any CPU.ActiveCfg = Debug|Any CPU
		{146704D6-4A03-4A73-8CE8-09024910B4CC}.Debug|Any CPU.Build.0 = Debug|Any CPU
		{146704D6-4A03-4A73-8CE8-09024910B4CC}.Debug|ARM.ActiveCfg = Debug|Any CPU
		{146704D6-4A03-4A73-8CE8-09024910B4CC}.Debug|ARM.Build.0 = Debug|Any CPU
		{146704D6-4A03-4A73-8CE8-09024910B4CC}.Debug|ARM64.ActiveCfg = Debug|Any CPU
		{146704D6-4A03-4A73-8CE8-09024910B4CC}.Debug|ARM64.Build.0 = Debug|Any CPU
		{146704D6-4A03-4A73-8CE8-09024910B4CC}.Debug|iPhone.ActiveCfg = Debug|Any CPU
		{146704D6-4A03-4A73-8CE8-09024910B4CC}.Debug|iPhone.Build.0 = Debug|Any CPU
		{146704D6-4A03-4A73-8CE8-09024910B4CC}.Debug|iPhoneSimulator.ActiveCfg = Debug|Any CPU
		{146704D6-4A03-4A73-8CE8-09024910B4CC}.Debug|iPhoneSimulator.Build.0 = Debug|Any CPU
		{146704D6-4A03-4A73-8CE8-09024910B4CC}.Debug|x64.ActiveCfg = Debug|Any CPU
		{146704D6-4A03-4A73-8CE8-09024910B4CC}.Debug|x64.Build.0 = Debug|Any CPU
		{146704D6-4A03-4A73-8CE8-09024910B4CC}.Debug|x86.ActiveCfg = Debug|Any CPU
		{146704D6-4A03-4A73-8CE8-09024910B4CC}.Debug|x86.Build.0 = Debug|Any CPU
		{146704D6-4A03-4A73-8CE8-09024910B4CC}.Release|Any CPU.ActiveCfg = Release|Any CPU
		{146704D6-4A03-4A73-8CE8-09024910B4CC}.Release|Any CPU.Build.0 = Release|Any CPU
		{146704D6-4A03-4A73-8CE8-09024910B4CC}.Release|ARM.ActiveCfg = Release|Any CPU
		{146704D6-4A03-4A73-8CE8-09024910B4CC}.Release|ARM.Build.0 = Release|Any CPU
		{146704D6-4A03-4A73-8CE8-09024910B4CC}.Release|ARM64.ActiveCfg = Release|Any CPU
		{146704D6-4A03-4A73-8CE8-09024910B4CC}.Release|ARM64.Build.0 = Release|Any CPU
		{146704D6-4A03-4A73-8CE8-09024910B4CC}.Release|iPhone.ActiveCfg = Release|Any CPU
		{146704D6-4A03-4A73-8CE8-09024910B4CC}.Release|iPhone.Build.0 = Release|Any CPU
		{146704D6-4A03-4A73-8CE8-09024910B4CC}.Release|iPhoneSimulator.ActiveCfg = Release|Any CPU
		{146704D6-4A03-4A73-8CE8-09024910B4CC}.Release|iPhoneSimulator.Build.0 = Release|Any CPU
		{146704D6-4A03-4A73-8CE8-09024910B4CC}.Release|x64.ActiveCfg = Release|Any CPU
		{146704D6-4A03-4A73-8CE8-09024910B4CC}.Release|x64.Build.0 = Release|Any CPU
		{146704D6-4A03-4A73-8CE8-09024910B4CC}.Release|x86.ActiveCfg = Release|Any CPU
		{146704D6-4A03-4A73-8CE8-09024910B4CC}.Release|x86.Build.0 = Release|Any CPU
	EndGlobalSection
	GlobalSection(SolutionProperties) = preSolution
		HideSolutionNode = FALSE
	EndGlobalSection
	GlobalSection(NestedProjects) = preSolution
		{13BE2CB4-53DE-4098-BE94-6DBB52246CA0} = {E3D0304E-1512-4B7A-B830-43F5E384A24F}
		{D2CC2C9E-5859-4751-A252-91C6364A61D1} = {E3D0304E-1512-4B7A-B830-43F5E384A24F}
	EndGlobalSection
	GlobalSection(ExtensibilityGlobals) = postSolution
		SolutionGuid = {46879FCD-C9B4-4F4D-9CFC-7852AB3EC3E9}
	EndGlobalSection
EndGlobal
