
Microsoft Visual Studio Solution File, Format Version 12.00
# Visual Studio Version 16
VisualStudioVersion = 16.0.31129.286
MinimumVisualStudioVersion = 10.0.40219.1
Project("{D954291E-2A0B-460D-934E-DC6B0785DB48}") = "HelloWorld.Shared", "HelloWorld\HelloWorld.Shared\HelloWorld.Shared.shproj", "{6279C845-92F8-4333-AB99-3D213163593C}"
EndProject
Project("{2150E333-8FDC-42A3-9474-1A3956D46DE8}") = "Platforms", "Platforms", "{2A7E12AE-6C82-4318-B7E2-B00780DFCF2B}"
EndProject
Project("{FAE04EC0-301F-11D3-BF4B-00C04F79EFBC}") = "HelloWorld.Droid", "HelloWorld\HelloWorld.Droid\HelloWorld.Droid.csproj", "{25FC7691-1A6E-4590-93F0-8DE0A7C743E5}"
EndProject
Project("{FAE04EC0-301F-11D3-BF4B-00C04F79EFBC}") = "HelloWorld.iOS", "HelloWorld\HelloWorld.iOS\HelloWorld.iOS.csproj", "{EA9E3FC3-E327-48A1-869F-1EED83605B65}"
EndProject
Project("{FAE04EC0-301F-11D3-BF4B-00C04F79EFBC}") = "HelloWorld.UWP", "HelloWorld\HelloWorld.UWP\HelloWorld.UWP.csproj", "{A22BE836-CD9E-4645-A073-DF18B1562398}"
EndProject
Project("{FAE04EC0-301F-11D3-BF4B-00C04F79EFBC}") = "HelloWorld.Wasm", "HelloWorld\HelloWorld.Wasm\HelloWorld.Wasm.csproj", "{EA85F40E-61AF-4E0C-B401-35BDD7259ADF}"
EndProject
Project("{FAE04EC0-301F-11D3-BF4B-00C04F79EFBC}") = "HelloWorld.macOS", "HelloWorld\HelloWorld.macOS\HelloWorld.macOS.csproj", "{971491E4-186D-4975-88B5-CFFCE427E75B}"
EndProject
Project("{FAE04EC0-301F-11D3-BF4B-00C04F79EFBC}") = "HelloWorld.Skia.Wpf.Host", "HelloWorld\HelloWorld.Skia.Wpf.Host\HelloWorld.Skia.Wpf.Host.csproj", "{4FC2CB1A-43C4-4027-8A7A-5853755F6639}"
EndProject
Project("{FAE04EC0-301F-11D3-BF4B-00C04F79EFBC}") = "HelloWorld.Skia.Wpf", "HelloWorld\HelloWorld.Skia.Wpf\HelloWorld.Skia.Wpf.csproj", "{986743B7-DE6A-487E-B3C2-5A83BF2B4648}"
EndProject
Project("{FAE04EC0-301F-11D3-BF4B-00C04F79EFBC}") = "HelloWorld.Skia.Gtk", "HelloWorld\HelloWorld.Skia.Gtk\HelloWorld.Skia.Gtk.csproj", "{47F4AFB7-A151-4D21-82B0-A88BD9E9BAEC}"
EndProject
Project("{FAE04EC0-301F-11D3-BF4B-00C04F79EFBC}") = "HelloWorld.Skia.Tizen", "HelloWorld\HelloWorld.Skia.Tizen\HelloWorld.Skia.Tizen.csproj", "{FE3A2DB9-88B5-43CF-A3CF-C3537C100D9B}"
EndProject
Project("{FAE04EC0-301F-11D3-BF4B-00C04F79EFBC}") = "HelloWorld.Helpers", "HelloWorld.Helpers\HelloWorld.Helpers.csproj", "{CED5DB38-2971-49C0-A50B-BA0507697562}"
EndProject
Global
	GlobalSection(SharedMSBuildProjectFiles) = preSolution
		HelloWorld\HelloWorld.Shared\HelloWorld.Shared.projitems*{25fc7691-1a6e-4590-93f0-8de0a7c743e5}*SharedItemsImports = 4
		HelloWorld\HelloWorld.Shared\HelloWorld.Shared.projitems*{47f4afb7-a151-4d21-82b0-a88bd9e9baec}*SharedItemsImports = 5
		HelloWorld\HelloWorld.Shared\HelloWorld.Shared.projitems*{6279c845-92f8-4333-ab99-3d213163593c}*SharedItemsImports = 13
		HelloWorld\HelloWorld.Shared\HelloWorld.Shared.projitems*{971491e4-186d-4975-88b5-cffce427e75b}*SharedItemsImports = 4
		HelloWorld\HelloWorld.Shared\HelloWorld.Shared.projitems*{986743b7-de6a-487e-b3c2-5a83bf2b4648}*SharedItemsImports = 5
		HelloWorld\HelloWorld.Shared\HelloWorld.Shared.projitems*{a22be836-cd9e-4645-a073-df18b1562398}*SharedItemsImports = 4
		HelloWorld\HelloWorld.Shared\HelloWorld.Shared.projitems*{ea85f40e-61af-4e0c-b401-35bdd7259adf}*SharedItemsImports = 5
		HelloWorld\HelloWorld.Shared\HelloWorld.Shared.projitems*{ea9e3fc3-e327-48a1-869f-1eed83605b65}*SharedItemsImports = 4
		HelloWorld\HelloWorld.Shared\HelloWorld.Shared.projitems*{fe3a2db9-88b5-43cf-a3cf-c3537c100d9b}*SharedItemsImports = 5
	EndGlobalSection
	GlobalSection(SolutionConfigurationPlatforms) = preSolution
		Ad-Hoc|Any CPU = Ad-Hoc|Any CPU
		Ad-Hoc|ARM = Ad-Hoc|ARM
		Ad-Hoc|ARM64 = Ad-Hoc|ARM64
		Ad-Hoc|iPhone = Ad-Hoc|iPhone
		Ad-Hoc|iPhoneSimulator = Ad-Hoc|iPhoneSimulator
		Ad-Hoc|x64 = Ad-Hoc|x64
		Ad-Hoc|x86 = Ad-Hoc|x86
		AppStore|Any CPU = AppStore|Any CPU
		AppStore|ARM = AppStore|ARM
		AppStore|ARM64 = AppStore|ARM64
		AppStore|iPhone = AppStore|iPhone
		AppStore|iPhoneSimulator = AppStore|iPhoneSimulator
		AppStore|x64 = AppStore|x64
		AppStore|x86 = AppStore|x86
		Debug|Any CPU = Debug|Any CPU
		Debug|ARM = Debug|ARM
		Debug|ARM64 = Debug|ARM64
		Debug|iPhone = Debug|iPhone
		Debug|iPhoneSimulator = Debug|iPhoneSimulator
		Debug|x64 = Debug|x64
		Debug|x86 = Debug|x86
		Release|Any CPU = Release|Any CPU
		Release|ARM = Release|ARM
		Release|ARM64 = Release|ARM64
		Release|iPhone = Release|iPhone
		Release|iPhoneSimulator = Release|iPhoneSimulator
		Release|x64 = Release|x64
		Release|x86 = Release|x86
	EndGlobalSection
	GlobalSection(ProjectConfigurationPlatforms) = postSolution
		{25FC7691-1A6E-4590-93F0-8DE0A7C743E5}.Ad-Hoc|Any CPU.ActiveCfg = Debug|Any CPU
		{25FC7691-1A6E-4590-93F0-8DE0A7C743E5}.Ad-Hoc|Any CPU.Build.0 = Debug|Any CPU
		{25FC7691-1A6E-4590-93F0-8DE0A7C743E5}.Ad-Hoc|Any CPU.Deploy.0 = Debug|Any CPU
		{25FC7691-1A6E-4590-93F0-8DE0A7C743E5}.Ad-Hoc|ARM.ActiveCfg = Debug|Any CPU
		{25FC7691-1A6E-4590-93F0-8DE0A7C743E5}.Ad-Hoc|ARM.Build.0 = Debug|Any CPU
		{25FC7691-1A6E-4590-93F0-8DE0A7C743E5}.Ad-Hoc|ARM.Deploy.0 = Debug|Any CPU
		{25FC7691-1A6E-4590-93F0-8DE0A7C743E5}.Ad-Hoc|ARM64.ActiveCfg = Debug|Any CPU
		{25FC7691-1A6E-4590-93F0-8DE0A7C743E5}.Ad-Hoc|ARM64.Build.0 = Debug|Any CPU
		{25FC7691-1A6E-4590-93F0-8DE0A7C743E5}.Ad-Hoc|ARM64.Deploy.0 = Debug|Any CPU
		{25FC7691-1A6E-4590-93F0-8DE0A7C743E5}.Ad-Hoc|iPhone.ActiveCfg = Debug|Any CPU
		{25FC7691-1A6E-4590-93F0-8DE0A7C743E5}.Ad-Hoc|iPhone.Build.0 = Debug|Any CPU
		{25FC7691-1A6E-4590-93F0-8DE0A7C743E5}.Ad-Hoc|iPhone.Deploy.0 = Debug|Any CPU
		{25FC7691-1A6E-4590-93F0-8DE0A7C743E5}.Ad-Hoc|iPhoneSimulator.ActiveCfg = Debug|Any CPU
		{25FC7691-1A6E-4590-93F0-8DE0A7C743E5}.Ad-Hoc|iPhoneSimulator.Build.0 = Debug|Any CPU
		{25FC7691-1A6E-4590-93F0-8DE0A7C743E5}.Ad-Hoc|iPhoneSimulator.Deploy.0 = Debug|Any CPU
		{25FC7691-1A6E-4590-93F0-8DE0A7C743E5}.Ad-Hoc|x64.ActiveCfg = Debug|Any CPU
		{25FC7691-1A6E-4590-93F0-8DE0A7C743E5}.Ad-Hoc|x64.Build.0 = Debug|Any CPU
		{25FC7691-1A6E-4590-93F0-8DE0A7C743E5}.Ad-Hoc|x64.Deploy.0 = Debug|Any CPU
		{25FC7691-1A6E-4590-93F0-8DE0A7C743E5}.Ad-Hoc|x86.ActiveCfg = Debug|Any CPU
		{25FC7691-1A6E-4590-93F0-8DE0A7C743E5}.Ad-Hoc|x86.Build.0 = Debug|Any CPU
		{25FC7691-1A6E-4590-93F0-8DE0A7C743E5}.Ad-Hoc|x86.Deploy.0 = Debug|Any CPU
		{25FC7691-1A6E-4590-93F0-8DE0A7C743E5}.AppStore|Any CPU.ActiveCfg = Debug|Any CPU
		{25FC7691-1A6E-4590-93F0-8DE0A7C743E5}.AppStore|Any CPU.Build.0 = Debug|Any CPU
		{25FC7691-1A6E-4590-93F0-8DE0A7C743E5}.AppStore|Any CPU.Deploy.0 = Debug|Any CPU
		{25FC7691-1A6E-4590-93F0-8DE0A7C743E5}.AppStore|ARM.ActiveCfg = Debug|Any CPU
		{25FC7691-1A6E-4590-93F0-8DE0A7C743E5}.AppStore|ARM.Build.0 = Debug|Any CPU
		{25FC7691-1A6E-4590-93F0-8DE0A7C743E5}.AppStore|ARM.Deploy.0 = Debug|Any CPU
		{25FC7691-1A6E-4590-93F0-8DE0A7C743E5}.AppStore|ARM64.ActiveCfg = Debug|Any CPU
		{25FC7691-1A6E-4590-93F0-8DE0A7C743E5}.AppStore|ARM64.Build.0 = Debug|Any CPU
		{25FC7691-1A6E-4590-93F0-8DE0A7C743E5}.AppStore|ARM64.Deploy.0 = Debug|Any CPU
		{25FC7691-1A6E-4590-93F0-8DE0A7C743E5}.AppStore|iPhone.ActiveCfg = Debug|Any CPU
		{25FC7691-1A6E-4590-93F0-8DE0A7C743E5}.AppStore|iPhone.Build.0 = Debug|Any CPU
		{25FC7691-1A6E-4590-93F0-8DE0A7C743E5}.AppStore|iPhone.Deploy.0 = Debug|Any CPU
		{25FC7691-1A6E-4590-93F0-8DE0A7C743E5}.AppStore|iPhoneSimulator.ActiveCfg = Debug|Any CPU
		{25FC7691-1A6E-4590-93F0-8DE0A7C743E5}.AppStore|iPhoneSimulator.Build.0 = Debug|Any CPU
		{25FC7691-1A6E-4590-93F0-8DE0A7C743E5}.AppStore|iPhoneSimulator.Deploy.0 = Debug|Any CPU
		{25FC7691-1A6E-4590-93F0-8DE0A7C743E5}.AppStore|x64.ActiveCfg = Debug|Any CPU
		{25FC7691-1A6E-4590-93F0-8DE0A7C743E5}.AppStore|x64.Build.0 = Debug|Any CPU
		{25FC7691-1A6E-4590-93F0-8DE0A7C743E5}.AppStore|x64.Deploy.0 = Debug|Any CPU
		{25FC7691-1A6E-4590-93F0-8DE0A7C743E5}.AppStore|x86.ActiveCfg = Debug|Any CPU
		{25FC7691-1A6E-4590-93F0-8DE0A7C743E5}.AppStore|x86.Build.0 = Debug|Any CPU
		{25FC7691-1A6E-4590-93F0-8DE0A7C743E5}.AppStore|x86.Deploy.0 = Debug|Any CPU
		{25FC7691-1A6E-4590-93F0-8DE0A7C743E5}.Debug|Any CPU.ActiveCfg = Debug|Any CPU
		{25FC7691-1A6E-4590-93F0-8DE0A7C743E5}.Debug|Any CPU.Build.0 = Debug|Any CPU
		{25FC7691-1A6E-4590-93F0-8DE0A7C743E5}.Debug|Any CPU.Deploy.0 = Debug|Any CPU
		{25FC7691-1A6E-4590-93F0-8DE0A7C743E5}.Debug|ARM.ActiveCfg = Debug|Any CPU
		{25FC7691-1A6E-4590-93F0-8DE0A7C743E5}.Debug|ARM.Build.0 = Debug|Any CPU
		{25FC7691-1A6E-4590-93F0-8DE0A7C743E5}.Debug|ARM.Deploy.0 = Debug|Any CPU
		{25FC7691-1A6E-4590-93F0-8DE0A7C743E5}.Debug|ARM64.ActiveCfg = Debug|Any CPU
		{25FC7691-1A6E-4590-93F0-8DE0A7C743E5}.Debug|ARM64.Build.0 = Debug|Any CPU
		{25FC7691-1A6E-4590-93F0-8DE0A7C743E5}.Debug|ARM64.Deploy.0 = Debug|Any CPU
		{25FC7691-1A6E-4590-93F0-8DE0A7C743E5}.Debug|iPhone.ActiveCfg = Debug|Any CPU
		{25FC7691-1A6E-4590-93F0-8DE0A7C743E5}.Debug|iPhone.Build.0 = Debug|Any CPU
		{25FC7691-1A6E-4590-93F0-8DE0A7C743E5}.Debug|iPhone.Deploy.0 = Debug|Any CPU
		{25FC7691-1A6E-4590-93F0-8DE0A7C743E5}.Debug|iPhoneSimulator.ActiveCfg = Debug|Any CPU
		{25FC7691-1A6E-4590-93F0-8DE0A7C743E5}.Debug|iPhoneSimulator.Build.0 = Debug|Any CPU
		{25FC7691-1A6E-4590-93F0-8DE0A7C743E5}.Debug|iPhoneSimulator.Deploy.0 = Debug|Any CPU
		{25FC7691-1A6E-4590-93F0-8DE0A7C743E5}.Debug|x64.ActiveCfg = Debug|Any CPU
		{25FC7691-1A6E-4590-93F0-8DE0A7C743E5}.Debug|x64.Build.0 = Debug|Any CPU
		{25FC7691-1A6E-4590-93F0-8DE0A7C743E5}.Debug|x64.Deploy.0 = Debug|Any CPU
		{25FC7691-1A6E-4590-93F0-8DE0A7C743E5}.Debug|x86.ActiveCfg = Debug|Any CPU
		{25FC7691-1A6E-4590-93F0-8DE0A7C743E5}.Debug|x86.Build.0 = Debug|Any CPU
		{25FC7691-1A6E-4590-93F0-8DE0A7C743E5}.Debug|x86.Deploy.0 = Debug|Any CPU
		{25FC7691-1A6E-4590-93F0-8DE0A7C743E5}.Release|Any CPU.ActiveCfg = Release|Any CPU
		{25FC7691-1A6E-4590-93F0-8DE0A7C743E5}.Release|Any CPU.Build.0 = Release|Any CPU
		{25FC7691-1A6E-4590-93F0-8DE0A7C743E5}.Release|Any CPU.Deploy.0 = Release|Any CPU
		{25FC7691-1A6E-4590-93F0-8DE0A7C743E5}.Release|ARM.ActiveCfg = Release|Any CPU
		{25FC7691-1A6E-4590-93F0-8DE0A7C743E5}.Release|ARM.Build.0 = Release|Any CPU
		{25FC7691-1A6E-4590-93F0-8DE0A7C743E5}.Release|ARM.Deploy.0 = Release|Any CPU
		{25FC7691-1A6E-4590-93F0-8DE0A7C743E5}.Release|ARM64.ActiveCfg = Release|Any CPU
		{25FC7691-1A6E-4590-93F0-8DE0A7C743E5}.Release|ARM64.Build.0 = Release|Any CPU
		{25FC7691-1A6E-4590-93F0-8DE0A7C743E5}.Release|ARM64.Deploy.0 = Release|Any CPU
		{25FC7691-1A6E-4590-93F0-8DE0A7C743E5}.Release|iPhone.ActiveCfg = Release|Any CPU
		{25FC7691-1A6E-4590-93F0-8DE0A7C743E5}.Release|iPhone.Build.0 = Release|Any CPU
		{25FC7691-1A6E-4590-93F0-8DE0A7C743E5}.Release|iPhone.Deploy.0 = Release|Any CPU
		{25FC7691-1A6E-4590-93F0-8DE0A7C743E5}.Release|iPhoneSimulator.ActiveCfg = Release|Any CPU
		{25FC7691-1A6E-4590-93F0-8DE0A7C743E5}.Release|iPhoneSimulator.Build.0 = Release|Any CPU
		{25FC7691-1A6E-4590-93F0-8DE0A7C743E5}.Release|iPhoneSimulator.Deploy.0 = Release|Any CPU
		{25FC7691-1A6E-4590-93F0-8DE0A7C743E5}.Release|x64.ActiveCfg = Release|Any CPU
		{25FC7691-1A6E-4590-93F0-8DE0A7C743E5}.Release|x64.Build.0 = Release|Any CPU
		{25FC7691-1A6E-4590-93F0-8DE0A7C743E5}.Release|x64.Deploy.0 = Release|Any CPU
		{25FC7691-1A6E-4590-93F0-8DE0A7C743E5}.Release|x86.ActiveCfg = Release|Any CPU
		{25FC7691-1A6E-4590-93F0-8DE0A7C743E5}.Release|x86.Build.0 = Release|Any CPU
		{25FC7691-1A6E-4590-93F0-8DE0A7C743E5}.Release|x86.Deploy.0 = Release|Any CPU
		{EA9E3FC3-E327-48A1-869F-1EED83605B65}.Ad-Hoc|Any CPU.ActiveCfg = Ad-Hoc|iPhoneSimulator
		{EA9E3FC3-E327-48A1-869F-1EED83605B65}.Ad-Hoc|ARM.ActiveCfg = Ad-Hoc|iPhoneSimulator
		{EA9E3FC3-E327-48A1-869F-1EED83605B65}.Ad-Hoc|ARM64.ActiveCfg = Ad-Hoc|iPhoneSimulator
		{EA9E3FC3-E327-48A1-869F-1EED83605B65}.Ad-Hoc|iPhone.ActiveCfg = Ad-Hoc|iPhone
		{EA9E3FC3-E327-48A1-869F-1EED83605B65}.Ad-Hoc|iPhone.Build.0 = Ad-Hoc|iPhone
		{EA9E3FC3-E327-48A1-869F-1EED83605B65}.Ad-Hoc|iPhoneSimulator.ActiveCfg = Ad-Hoc|iPhoneSimulator
		{EA9E3FC3-E327-48A1-869F-1EED83605B65}.Ad-Hoc|iPhoneSimulator.Build.0 = Ad-Hoc|iPhoneSimulator
		{EA9E3FC3-E327-48A1-869F-1EED83605B65}.Ad-Hoc|x64.ActiveCfg = Ad-Hoc|iPhoneSimulator
		{EA9E3FC3-E327-48A1-869F-1EED83605B65}.Ad-Hoc|x86.ActiveCfg = Ad-Hoc|iPhoneSimulator
		{EA9E3FC3-E327-48A1-869F-1EED83605B65}.AppStore|Any CPU.ActiveCfg = AppStore|iPhoneSimulator
		{EA9E3FC3-E327-48A1-869F-1EED83605B65}.AppStore|ARM.ActiveCfg = AppStore|iPhoneSimulator
		{EA9E3FC3-E327-48A1-869F-1EED83605B65}.AppStore|ARM64.ActiveCfg = AppStore|iPhoneSimulator
		{EA9E3FC3-E327-48A1-869F-1EED83605B65}.AppStore|iPhone.ActiveCfg = AppStore|iPhone
		{EA9E3FC3-E327-48A1-869F-1EED83605B65}.AppStore|iPhone.Build.0 = AppStore|iPhone
		{EA9E3FC3-E327-48A1-869F-1EED83605B65}.AppStore|iPhoneSimulator.ActiveCfg = AppStore|iPhoneSimulator
		{EA9E3FC3-E327-48A1-869F-1EED83605B65}.AppStore|iPhoneSimulator.Build.0 = AppStore|iPhoneSimulator
		{EA9E3FC3-E327-48A1-869F-1EED83605B65}.AppStore|x64.ActiveCfg = AppStore|iPhoneSimulator
		{EA9E3FC3-E327-48A1-869F-1EED83605B65}.AppStore|x86.ActiveCfg = AppStore|iPhoneSimulator
		{EA9E3FC3-E327-48A1-869F-1EED83605B65}.Debug|Any CPU.ActiveCfg = Debug|iPhoneSimulator
		{EA9E3FC3-E327-48A1-869F-1EED83605B65}.Debug|ARM.ActiveCfg = Debug|iPhoneSimulator
		{EA9E3FC3-E327-48A1-869F-1EED83605B65}.Debug|ARM64.ActiveCfg = Debug|iPhoneSimulator
		{EA9E3FC3-E327-48A1-869F-1EED83605B65}.Debug|iPhone.ActiveCfg = Debug|iPhone
		{EA9E3FC3-E327-48A1-869F-1EED83605B65}.Debug|iPhone.Build.0 = Debug|iPhone
		{EA9E3FC3-E327-48A1-869F-1EED83605B65}.Debug|iPhoneSimulator.ActiveCfg = Debug|iPhoneSimulator
		{EA9E3FC3-E327-48A1-869F-1EED83605B65}.Debug|iPhoneSimulator.Build.0 = Debug|iPhoneSimulator
		{EA9E3FC3-E327-48A1-869F-1EED83605B65}.Debug|x64.ActiveCfg = Debug|iPhoneSimulator
		{EA9E3FC3-E327-48A1-869F-1EED83605B65}.Debug|x86.ActiveCfg = Debug|iPhoneSimulator
		{EA9E3FC3-E327-48A1-869F-1EED83605B65}.Release|Any CPU.ActiveCfg = Release|iPhoneSimulator
		{EA9E3FC3-E327-48A1-869F-1EED83605B65}.Release|ARM.ActiveCfg = Release|iPhoneSimulator
		{EA9E3FC3-E327-48A1-869F-1EED83605B65}.Release|ARM64.ActiveCfg = Release|iPhoneSimulator
		{EA9E3FC3-E327-48A1-869F-1EED83605B65}.Release|iPhone.ActiveCfg = Release|iPhone
		{EA9E3FC3-E327-48A1-869F-1EED83605B65}.Release|iPhone.Build.0 = Release|iPhone
		{EA9E3FC3-E327-48A1-869F-1EED83605B65}.Release|iPhoneSimulator.ActiveCfg = Release|iPhoneSimulator
		{EA9E3FC3-E327-48A1-869F-1EED83605B65}.Release|iPhoneSimulator.Build.0 = Release|iPhoneSimulator
		{EA9E3FC3-E327-48A1-869F-1EED83605B65}.Release|x64.ActiveCfg = Release|iPhoneSimulator
		{EA9E3FC3-E327-48A1-869F-1EED83605B65}.Release|x86.ActiveCfg = Release|iPhoneSimulator
		{A22BE836-CD9E-4645-A073-DF18B1562398}.Ad-Hoc|Any CPU.ActiveCfg = Debug|x86
		{A22BE836-CD9E-4645-A073-DF18B1562398}.Ad-Hoc|Any CPU.Build.0 = Debug|x86
		{A22BE836-CD9E-4645-A073-DF18B1562398}.Ad-Hoc|Any CPU.Deploy.0 = Debug|x86
		{A22BE836-CD9E-4645-A073-DF18B1562398}.Ad-Hoc|ARM.ActiveCfg = Debug|ARM
		{A22BE836-CD9E-4645-A073-DF18B1562398}.Ad-Hoc|ARM.Build.0 = Debug|ARM
		{A22BE836-CD9E-4645-A073-DF18B1562398}.Ad-Hoc|ARM.Deploy.0 = Debug|ARM
		{A22BE836-CD9E-4645-A073-DF18B1562398}.Ad-Hoc|ARM64.ActiveCfg = Debug|ARM64
		{A22BE836-CD9E-4645-A073-DF18B1562398}.Ad-Hoc|ARM64.Build.0 = Debug|ARM64
		{A22BE836-CD9E-4645-A073-DF18B1562398}.Ad-Hoc|ARM64.Deploy.0 = Debug|ARM64
		{A22BE836-CD9E-4645-A073-DF18B1562398}.Ad-Hoc|iPhone.ActiveCfg = Debug|x86
		{A22BE836-CD9E-4645-A073-DF18B1562398}.Ad-Hoc|iPhone.Build.0 = Debug|x86
		{A22BE836-CD9E-4645-A073-DF18B1562398}.Ad-Hoc|iPhone.Deploy.0 = Debug|x86
		{A22BE836-CD9E-4645-A073-DF18B1562398}.Ad-Hoc|iPhoneSimulator.ActiveCfg = Debug|x86
		{A22BE836-CD9E-4645-A073-DF18B1562398}.Ad-Hoc|iPhoneSimulator.Build.0 = Debug|x86
		{A22BE836-CD9E-4645-A073-DF18B1562398}.Ad-Hoc|iPhoneSimulator.Deploy.0 = Debug|x86
		{A22BE836-CD9E-4645-A073-DF18B1562398}.Ad-Hoc|x64.ActiveCfg = Debug|x64
		{A22BE836-CD9E-4645-A073-DF18B1562398}.Ad-Hoc|x64.Build.0 = Debug|x64
		{A22BE836-CD9E-4645-A073-DF18B1562398}.Ad-Hoc|x64.Deploy.0 = Debug|x64
		{A22BE836-CD9E-4645-A073-DF18B1562398}.Ad-Hoc|x86.ActiveCfg = Debug|x86
		{A22BE836-CD9E-4645-A073-DF18B1562398}.Ad-Hoc|x86.Build.0 = Debug|x86
		{A22BE836-CD9E-4645-A073-DF18B1562398}.Ad-Hoc|x86.Deploy.0 = Debug|x86
		{A22BE836-CD9E-4645-A073-DF18B1562398}.AppStore|Any CPU.ActiveCfg = Debug|x86
		{A22BE836-CD9E-4645-A073-DF18B1562398}.AppStore|Any CPU.Build.0 = Debug|x86
		{A22BE836-CD9E-4645-A073-DF18B1562398}.AppStore|Any CPU.Deploy.0 = Debug|x86
		{A22BE836-CD9E-4645-A073-DF18B1562398}.AppStore|ARM.ActiveCfg = Debug|ARM
		{A22BE836-CD9E-4645-A073-DF18B1562398}.AppStore|ARM.Build.0 = Debug|ARM
		{A22BE836-CD9E-4645-A073-DF18B1562398}.AppStore|ARM.Deploy.0 = Debug|ARM
		{A22BE836-CD9E-4645-A073-DF18B1562398}.AppStore|ARM64.ActiveCfg = Debug|ARM64
		{A22BE836-CD9E-4645-A073-DF18B1562398}.AppStore|ARM64.Build.0 = Debug|ARM64
		{A22BE836-CD9E-4645-A073-DF18B1562398}.AppStore|ARM64.Deploy.0 = Debug|ARM64
		{A22BE836-CD9E-4645-A073-DF18B1562398}.AppStore|iPhone.ActiveCfg = Debug|x86
		{A22BE836-CD9E-4645-A073-DF18B1562398}.AppStore|iPhone.Build.0 = Debug|x86
		{A22BE836-CD9E-4645-A073-DF18B1562398}.AppStore|iPhone.Deploy.0 = Debug|x86
		{A22BE836-CD9E-4645-A073-DF18B1562398}.AppStore|iPhoneSimulator.ActiveCfg = Debug|x86
		{A22BE836-CD9E-4645-A073-DF18B1562398}.AppStore|iPhoneSimulator.Build.0 = Debug|x86
		{A22BE836-CD9E-4645-A073-DF18B1562398}.AppStore|iPhoneSimulator.Deploy.0 = Debug|x86
		{A22BE836-CD9E-4645-A073-DF18B1562398}.AppStore|x64.ActiveCfg = Debug|x64
		{A22BE836-CD9E-4645-A073-DF18B1562398}.AppStore|x64.Build.0 = Debug|x64
		{A22BE836-CD9E-4645-A073-DF18B1562398}.AppStore|x64.Deploy.0 = Debug|x64
		{A22BE836-CD9E-4645-A073-DF18B1562398}.AppStore|x86.ActiveCfg = Debug|x86
		{A22BE836-CD9E-4645-A073-DF18B1562398}.AppStore|x86.Build.0 = Debug|x86
		{A22BE836-CD9E-4645-A073-DF18B1562398}.AppStore|x86.Deploy.0 = Debug|x86
		{A22BE836-CD9E-4645-A073-DF18B1562398}.Debug|Any CPU.ActiveCfg = Debug|x86
		{A22BE836-CD9E-4645-A073-DF18B1562398}.Debug|Any CPU.Build.0 = Debug|x86
		{A22BE836-CD9E-4645-A073-DF18B1562398}.Debug|Any CPU.Deploy.0 = Debug|x86
		{A22BE836-CD9E-4645-A073-DF18B1562398}.Debug|ARM.ActiveCfg = Debug|ARM
		{A22BE836-CD9E-4645-A073-DF18B1562398}.Debug|ARM.Build.0 = Debug|ARM
		{A22BE836-CD9E-4645-A073-DF18B1562398}.Debug|ARM.Deploy.0 = Debug|ARM
		{A22BE836-CD9E-4645-A073-DF18B1562398}.Debug|ARM64.ActiveCfg = Debug|ARM64
		{A22BE836-CD9E-4645-A073-DF18B1562398}.Debug|ARM64.Build.0 = Debug|ARM64
		{A22BE836-CD9E-4645-A073-DF18B1562398}.Debug|ARM64.Deploy.0 = Debug|ARM64
		{A22BE836-CD9E-4645-A073-DF18B1562398}.Debug|iPhone.ActiveCfg = Debug|x86
		{A22BE836-CD9E-4645-A073-DF18B1562398}.Debug|iPhoneSimulator.ActiveCfg = Debug|x86
		{A22BE836-CD9E-4645-A073-DF18B1562398}.Debug|x64.ActiveCfg = Debug|x64
		{A22BE836-CD9E-4645-A073-DF18B1562398}.Debug|x64.Build.0 = Debug|x64
		{A22BE836-CD9E-4645-A073-DF18B1562398}.Debug|x64.Deploy.0 = Debug|x64
		{A22BE836-CD9E-4645-A073-DF18B1562398}.Debug|x86.ActiveCfg = Debug|x86
		{A22BE836-CD9E-4645-A073-DF18B1562398}.Debug|x86.Build.0 = Debug|x86
		{A22BE836-CD9E-4645-A073-DF18B1562398}.Debug|x86.Deploy.0 = Debug|x86
		{A22BE836-CD9E-4645-A073-DF18B1562398}.Release|Any CPU.ActiveCfg = Release|x86
		{A22BE836-CD9E-4645-A073-DF18B1562398}.Release|ARM.ActiveCfg = Release|ARM
		{A22BE836-CD9E-4645-A073-DF18B1562398}.Release|ARM.Build.0 = Release|ARM
		{A22BE836-CD9E-4645-A073-DF18B1562398}.Release|ARM.Deploy.0 = Release|ARM
		{A22BE836-CD9E-4645-A073-DF18B1562398}.Release|ARM64.ActiveCfg = Release|ARM64
		{A22BE836-CD9E-4645-A073-DF18B1562398}.Release|ARM64.Build.0 = Release|ARM64
		{A22BE836-CD9E-4645-A073-DF18B1562398}.Release|ARM64.Deploy.0 = Release|ARM64
		{A22BE836-CD9E-4645-A073-DF18B1562398}.Release|iPhone.ActiveCfg = Release|x86
		{A22BE836-CD9E-4645-A073-DF18B1562398}.Release|iPhoneSimulator.ActiveCfg = Release|x86
		{A22BE836-CD9E-4645-A073-DF18B1562398}.Release|x64.ActiveCfg = Release|x64
		{A22BE836-CD9E-4645-A073-DF18B1562398}.Release|x64.Build.0 = Release|x64
		{A22BE836-CD9E-4645-A073-DF18B1562398}.Release|x64.Deploy.0 = Release|x64
		{A22BE836-CD9E-4645-A073-DF18B1562398}.Release|x86.ActiveCfg = Release|x86
		{A22BE836-CD9E-4645-A073-DF18B1562398}.Release|x86.Build.0 = Release|x86
		{A22BE836-CD9E-4645-A073-DF18B1562398}.Release|x86.Deploy.0 = Release|x86
		{EA85F40E-61AF-4E0C-B401-35BDD7259ADF}.Ad-Hoc|Any CPU.ActiveCfg = Debug|Any CPU
		{EA85F40E-61AF-4E0C-B401-35BDD7259ADF}.Ad-Hoc|Any CPU.Build.0 = Debug|Any CPU
		{EA85F40E-61AF-4E0C-B401-35BDD7259ADF}.Ad-Hoc|ARM.ActiveCfg = Debug|Any CPU
		{EA85F40E-61AF-4E0C-B401-35BDD7259ADF}.Ad-Hoc|ARM.Build.0 = Debug|Any CPU
		{EA85F40E-61AF-4E0C-B401-35BDD7259ADF}.Ad-Hoc|ARM64.ActiveCfg = Debug|Any CPU
		{EA85F40E-61AF-4E0C-B401-35BDD7259ADF}.Ad-Hoc|ARM64.Build.0 = Debug|Any CPU
		{EA85F40E-61AF-4E0C-B401-35BDD7259ADF}.Ad-Hoc|iPhone.ActiveCfg = Debug|Any CPU
		{EA85F40E-61AF-4E0C-B401-35BDD7259ADF}.Ad-Hoc|iPhone.Build.0 = Debug|Any CPU
		{EA85F40E-61AF-4E0C-B401-35BDD7259ADF}.Ad-Hoc|iPhoneSimulator.ActiveCfg = Debug|Any CPU
		{EA85F40E-61AF-4E0C-B401-35BDD7259ADF}.Ad-Hoc|iPhoneSimulator.Build.0 = Debug|Any CPU
		{EA85F40E-61AF-4E0C-B401-35BDD7259ADF}.Ad-Hoc|x64.ActiveCfg = Debug|Any CPU
		{EA85F40E-61AF-4E0C-B401-35BDD7259ADF}.Ad-Hoc|x64.Build.0 = Debug|Any CPU
		{EA85F40E-61AF-4E0C-B401-35BDD7259ADF}.Ad-Hoc|x86.ActiveCfg = Debug|Any CPU
		{EA85F40E-61AF-4E0C-B401-35BDD7259ADF}.Ad-Hoc|x86.Build.0 = Debug|Any CPU
		{EA85F40E-61AF-4E0C-B401-35BDD7259ADF}.AppStore|Any CPU.ActiveCfg = Debug|Any CPU
		{EA85F40E-61AF-4E0C-B401-35BDD7259ADF}.AppStore|Any CPU.Build.0 = Debug|Any CPU
		{EA85F40E-61AF-4E0C-B401-35BDD7259ADF}.AppStore|ARM.ActiveCfg = Debug|Any CPU
		{EA85F40E-61AF-4E0C-B401-35BDD7259ADF}.AppStore|ARM.Build.0 = Debug|Any CPU
		{EA85F40E-61AF-4E0C-B401-35BDD7259ADF}.AppStore|ARM64.ActiveCfg = Debug|Any CPU
		{EA85F40E-61AF-4E0C-B401-35BDD7259ADF}.AppStore|ARM64.Build.0 = Debug|Any CPU
		{EA85F40E-61AF-4E0C-B401-35BDD7259ADF}.AppStore|iPhone.ActiveCfg = Debug|Any CPU
		{EA85F40E-61AF-4E0C-B401-35BDD7259ADF}.AppStore|iPhone.Build.0 = Debug|Any CPU
		{EA85F40E-61AF-4E0C-B401-35BDD7259ADF}.AppStore|iPhoneSimulator.ActiveCfg = Debug|Any CPU
		{EA85F40E-61AF-4E0C-B401-35BDD7259ADF}.AppStore|iPhoneSimulator.Build.0 = Debug|Any CPU
		{EA85F40E-61AF-4E0C-B401-35BDD7259ADF}.AppStore|x64.ActiveCfg = Debug|Any CPU
		{EA85F40E-61AF-4E0C-B401-35BDD7259ADF}.AppStore|x64.Build.0 = Debug|Any CPU
		{EA85F40E-61AF-4E0C-B401-35BDD7259ADF}.AppStore|x86.ActiveCfg = Debug|Any CPU
		{EA85F40E-61AF-4E0C-B401-35BDD7259ADF}.AppStore|x86.Build.0 = Debug|Any CPU
		{EA85F40E-61AF-4E0C-B401-35BDD7259ADF}.Debug|Any CPU.ActiveCfg = Debug|Any CPU
		{EA85F40E-61AF-4E0C-B401-35BDD7259ADF}.Debug|Any CPU.Build.0 = Debug|Any CPU
		{EA85F40E-61AF-4E0C-B401-35BDD7259ADF}.Debug|ARM.ActiveCfg = Debug|Any CPU
		{EA85F40E-61AF-4E0C-B401-35BDD7259ADF}.Debug|ARM.Build.0 = Debug|Any CPU
		{EA85F40E-61AF-4E0C-B401-35BDD7259ADF}.Debug|ARM64.ActiveCfg = Debug|Any CPU
		{EA85F40E-61AF-4E0C-B401-35BDD7259ADF}.Debug|ARM64.Build.0 = Debug|Any CPU
		{EA85F40E-61AF-4E0C-B401-35BDD7259ADF}.Debug|iPhone.ActiveCfg = Debug|Any CPU
		{EA85F40E-61AF-4E0C-B401-35BDD7259ADF}.Debug|iPhone.Build.0 = Debug|Any CPU
		{EA85F40E-61AF-4E0C-B401-35BDD7259ADF}.Debug|iPhoneSimulator.ActiveCfg = Debug|Any CPU
		{EA85F40E-61AF-4E0C-B401-35BDD7259ADF}.Debug|iPhoneSimulator.Build.0 = Debug|Any CPU
		{EA85F40E-61AF-4E0C-B401-35BDD7259ADF}.Debug|x64.ActiveCfg = Debug|Any CPU
		{EA85F40E-61AF-4E0C-B401-35BDD7259ADF}.Debug|x64.Build.0 = Debug|Any CPU
		{EA85F40E-61AF-4E0C-B401-35BDD7259ADF}.Debug|x86.ActiveCfg = Debug|Any CPU
		{EA85F40E-61AF-4E0C-B401-35BDD7259ADF}.Debug|x86.Build.0 = Debug|Any CPU
		{EA85F40E-61AF-4E0C-B401-35BDD7259ADF}.Release|Any CPU.ActiveCfg = Release|Any CPU
		{EA85F40E-61AF-4E0C-B401-35BDD7259ADF}.Release|Any CPU.Build.0 = Release|Any CPU
		{EA85F40E-61AF-4E0C-B401-35BDD7259ADF}.Release|ARM.ActiveCfg = Release|Any CPU
		{EA85F40E-61AF-4E0C-B401-35BDD7259ADF}.Release|ARM.Build.0 = Release|Any CPU
		{EA85F40E-61AF-4E0C-B401-35BDD7259ADF}.Release|ARM64.ActiveCfg = Release|Any CPU
		{EA85F40E-61AF-4E0C-B401-35BDD7259ADF}.Release|ARM64.Build.0 = Release|Any CPU
		{EA85F40E-61AF-4E0C-B401-35BDD7259ADF}.Release|iPhone.ActiveCfg = Release|Any CPU
		{EA85F40E-61AF-4E0C-B401-35BDD7259ADF}.Release|iPhone.Build.0 = Release|Any CPU
		{EA85F40E-61AF-4E0C-B401-35BDD7259ADF}.Release|iPhoneSimulator.ActiveCfg = Release|Any CPU
		{EA85F40E-61AF-4E0C-B401-35BDD7259ADF}.Release|iPhoneSimulator.Build.0 = Release|Any CPU
		{EA85F40E-61AF-4E0C-B401-35BDD7259ADF}.Release|x64.ActiveCfg = Release|Any CPU
		{EA85F40E-61AF-4E0C-B401-35BDD7259ADF}.Release|x64.Build.0 = Release|Any CPU
		{EA85F40E-61AF-4E0C-B401-35BDD7259ADF}.Release|x86.ActiveCfg = Release|Any CPU
		{EA85F40E-61AF-4E0C-B401-35BDD7259ADF}.Release|x86.Build.0 = Release|Any CPU
		{971491E4-186D-4975-88B5-CFFCE427E75B}.Ad-Hoc|Any CPU.ActiveCfg = Debug|iPhoneSimulator
		{971491E4-186D-4975-88B5-CFFCE427E75B}.Ad-Hoc|Any CPU.Build.0 = Debug|iPhoneSimulator
		{971491E4-186D-4975-88B5-CFFCE427E75B}.Ad-Hoc|ARM.ActiveCfg = Debug|iPhoneSimulator
		{971491E4-186D-4975-88B5-CFFCE427E75B}.Ad-Hoc|ARM.Build.0 = Debug|iPhoneSimulator
		{971491E4-186D-4975-88B5-CFFCE427E75B}.Ad-Hoc|ARM64.ActiveCfg = Debug|iPhoneSimulator
		{971491E4-186D-4975-88B5-CFFCE427E75B}.Ad-Hoc|ARM64.Build.0 = Debug|iPhoneSimulator
		{971491E4-186D-4975-88B5-CFFCE427E75B}.Ad-Hoc|iPhone.ActiveCfg = Debug|iPhoneSimulator
		{971491E4-186D-4975-88B5-CFFCE427E75B}.Ad-Hoc|iPhone.Build.0 = Debug|iPhoneSimulator
		{971491E4-186D-4975-88B5-CFFCE427E75B}.Ad-Hoc|iPhoneSimulator.ActiveCfg = Debug|iPhoneSimulator
		{971491E4-186D-4975-88B5-CFFCE427E75B}.Ad-Hoc|iPhoneSimulator.Build.0 = Debug|iPhoneSimulator
		{971491E4-186D-4975-88B5-CFFCE427E75B}.Ad-Hoc|x64.ActiveCfg = Debug|iPhoneSimulator
		{971491E4-186D-4975-88B5-CFFCE427E75B}.Ad-Hoc|x64.Build.0 = Debug|iPhoneSimulator
		{971491E4-186D-4975-88B5-CFFCE427E75B}.Ad-Hoc|x86.ActiveCfg = Debug|iPhoneSimulator
		{971491E4-186D-4975-88B5-CFFCE427E75B}.Ad-Hoc|x86.Build.0 = Debug|iPhoneSimulator
		{971491E4-186D-4975-88B5-CFFCE427E75B}.AppStore|Any CPU.ActiveCfg = Debug|iPhoneSimulator
		{971491E4-186D-4975-88B5-CFFCE427E75B}.AppStore|Any CPU.Build.0 = Debug|iPhoneSimulator
		{971491E4-186D-4975-88B5-CFFCE427E75B}.AppStore|ARM.ActiveCfg = Debug|iPhoneSimulator
		{971491E4-186D-4975-88B5-CFFCE427E75B}.AppStore|ARM.Build.0 = Debug|iPhoneSimulator
		{971491E4-186D-4975-88B5-CFFCE427E75B}.AppStore|ARM64.ActiveCfg = Debug|iPhoneSimulator
		{971491E4-186D-4975-88B5-CFFCE427E75B}.AppStore|ARM64.Build.0 = Debug|iPhoneSimulator
		{971491E4-186D-4975-88B5-CFFCE427E75B}.AppStore|iPhone.ActiveCfg = Debug|iPhoneSimulator
		{971491E4-186D-4975-88B5-CFFCE427E75B}.AppStore|iPhone.Build.0 = Debug|iPhoneSimulator
		{971491E4-186D-4975-88B5-CFFCE427E75B}.AppStore|iPhoneSimulator.ActiveCfg = Debug|iPhoneSimulator
		{971491E4-186D-4975-88B5-CFFCE427E75B}.AppStore|iPhoneSimulator.Build.0 = Debug|iPhoneSimulator
		{971491E4-186D-4975-88B5-CFFCE427E75B}.AppStore|x64.ActiveCfg = Debug|iPhoneSimulator
		{971491E4-186D-4975-88B5-CFFCE427E75B}.AppStore|x64.Build.0 = Debug|iPhoneSimulator
		{971491E4-186D-4975-88B5-CFFCE427E75B}.AppStore|x86.ActiveCfg = Debug|iPhoneSimulator
		{971491E4-186D-4975-88B5-CFFCE427E75B}.AppStore|x86.Build.0 = Debug|iPhoneSimulator
		{971491E4-186D-4975-88B5-CFFCE427E75B}.Debug|Any CPU.ActiveCfg = Debug|iPhoneSimulator
		{971491E4-186D-4975-88B5-CFFCE427E75B}.Debug|ARM.ActiveCfg = Debug|iPhoneSimulator
		{971491E4-186D-4975-88B5-CFFCE427E75B}.Debug|ARM64.ActiveCfg = Debug|iPhoneSimulator
		{971491E4-186D-4975-88B5-CFFCE427E75B}.Debug|iPhone.ActiveCfg = Debug|iPhoneSimulator
		{971491E4-186D-4975-88B5-CFFCE427E75B}.Debug|iPhoneSimulator.ActiveCfg = Debug|iPhoneSimulator
		{971491E4-186D-4975-88B5-CFFCE427E75B}.Debug|iPhoneSimulator.Build.0 = Debug|iPhoneSimulator
		{971491E4-186D-4975-88B5-CFFCE427E75B}.Debug|x64.ActiveCfg = Debug|iPhoneSimulator
		{971491E4-186D-4975-88B5-CFFCE427E75B}.Debug|x86.ActiveCfg = Debug|iPhoneSimulator
		{971491E4-186D-4975-88B5-CFFCE427E75B}.Release|Any CPU.ActiveCfg = Release|iPhoneSimulator
		{971491E4-186D-4975-88B5-CFFCE427E75B}.Release|ARM.ActiveCfg = Release|iPhoneSimulator
		{971491E4-186D-4975-88B5-CFFCE427E75B}.Release|ARM64.ActiveCfg = Release|iPhoneSimulator
		{971491E4-186D-4975-88B5-CFFCE427E75B}.Release|iPhone.ActiveCfg = Release|iPhoneSimulator
		{971491E4-186D-4975-88B5-CFFCE427E75B}.Release|iPhoneSimulator.ActiveCfg = Release|iPhoneSimulator
		{971491E4-186D-4975-88B5-CFFCE427E75B}.Release|iPhoneSimulator.Build.0 = Release|iPhoneSimulator
		{971491E4-186D-4975-88B5-CFFCE427E75B}.Release|x64.ActiveCfg = Release|iPhoneSimulator
		{971491E4-186D-4975-88B5-CFFCE427E75B}.Release|x86.ActiveCfg = Release|iPhoneSimulator
		{4FC2CB1A-43C4-4027-8A7A-5853755F6639}.Ad-Hoc|Any CPU.ActiveCfg = Debug|Any CPU
		{4FC2CB1A-43C4-4027-8A7A-5853755F6639}.Ad-Hoc|Any CPU.Build.0 = Debug|Any CPU
		{4FC2CB1A-43C4-4027-8A7A-5853755F6639}.Ad-Hoc|ARM.ActiveCfg = Debug|Any CPU
		{4FC2CB1A-43C4-4027-8A7A-5853755F6639}.Ad-Hoc|ARM.Build.0 = Debug|Any CPU
		{4FC2CB1A-43C4-4027-8A7A-5853755F6639}.Ad-Hoc|ARM64.ActiveCfg = Debug|Any CPU
		{4FC2CB1A-43C4-4027-8A7A-5853755F6639}.Ad-Hoc|ARM64.Build.0 = Debug|Any CPU
		{4FC2CB1A-43C4-4027-8A7A-5853755F6639}.Ad-Hoc|iPhone.ActiveCfg = Debug|Any CPU
		{4FC2CB1A-43C4-4027-8A7A-5853755F6639}.Ad-Hoc|iPhone.Build.0 = Debug|Any CPU
		{4FC2CB1A-43C4-4027-8A7A-5853755F6639}.Ad-Hoc|iPhoneSimulator.ActiveCfg = Debug|Any CPU
		{4FC2CB1A-43C4-4027-8A7A-5853755F6639}.Ad-Hoc|iPhoneSimulator.Build.0 = Debug|Any CPU
		{4FC2CB1A-43C4-4027-8A7A-5853755F6639}.Ad-Hoc|x64.ActiveCfg = Debug|Any CPU
		{4FC2CB1A-43C4-4027-8A7A-5853755F6639}.Ad-Hoc|x64.Build.0 = Debug|Any CPU
		{4FC2CB1A-43C4-4027-8A7A-5853755F6639}.Ad-Hoc|x86.ActiveCfg = Debug|Any CPU
		{4FC2CB1A-43C4-4027-8A7A-5853755F6639}.Ad-Hoc|x86.Build.0 = Debug|Any CPU
		{4FC2CB1A-43C4-4027-8A7A-5853755F6639}.AppStore|Any CPU.ActiveCfg = Debug|Any CPU
		{4FC2CB1A-43C4-4027-8A7A-5853755F6639}.AppStore|Any CPU.Build.0 = Debug|Any CPU
		{4FC2CB1A-43C4-4027-8A7A-5853755F6639}.AppStore|ARM.ActiveCfg = Debug|Any CPU
		{4FC2CB1A-43C4-4027-8A7A-5853755F6639}.AppStore|ARM.Build.0 = Debug|Any CPU
		{4FC2CB1A-43C4-4027-8A7A-5853755F6639}.AppStore|ARM64.ActiveCfg = Debug|Any CPU
		{4FC2CB1A-43C4-4027-8A7A-5853755F6639}.AppStore|ARM64.Build.0 = Debug|Any CPU
		{4FC2CB1A-43C4-4027-8A7A-5853755F6639}.AppStore|iPhone.ActiveCfg = Debug|Any CPU
		{4FC2CB1A-43C4-4027-8A7A-5853755F6639}.AppStore|iPhone.Build.0 = Debug|Any CPU
		{4FC2CB1A-43C4-4027-8A7A-5853755F6639}.AppStore|iPhoneSimulator.ActiveCfg = Debug|Any CPU
		{4FC2CB1A-43C4-4027-8A7A-5853755F6639}.AppStore|iPhoneSimulator.Build.0 = Debug|Any CPU
		{4FC2CB1A-43C4-4027-8A7A-5853755F6639}.AppStore|x64.ActiveCfg = Debug|Any CPU
		{4FC2CB1A-43C4-4027-8A7A-5853755F6639}.AppStore|x64.Build.0 = Debug|Any CPU
		{4FC2CB1A-43C4-4027-8A7A-5853755F6639}.AppStore|x86.ActiveCfg = Debug|Any CPU
		{4FC2CB1A-43C4-4027-8A7A-5853755F6639}.AppStore|x86.Build.0 = Debug|Any CPU
		{4FC2CB1A-43C4-4027-8A7A-5853755F6639}.Debug|Any CPU.ActiveCfg = Debug|Any CPU
		{4FC2CB1A-43C4-4027-8A7A-5853755F6639}.Debug|Any CPU.Build.0 = Debug|Any CPU
		{4FC2CB1A-43C4-4027-8A7A-5853755F6639}.Debug|ARM.ActiveCfg = Debug|Any CPU
		{4FC2CB1A-43C4-4027-8A7A-5853755F6639}.Debug|ARM.Build.0 = Debug|Any CPU
		{4FC2CB1A-43C4-4027-8A7A-5853755F6639}.Debug|ARM64.ActiveCfg = Debug|Any CPU
		{4FC2CB1A-43C4-4027-8A7A-5853755F6639}.Debug|ARM64.Build.0 = Debug|Any CPU
		{4FC2CB1A-43C4-4027-8A7A-5853755F6639}.Debug|iPhone.ActiveCfg = Debug|Any CPU
		{4FC2CB1A-43C4-4027-8A7A-5853755F6639}.Debug|iPhone.Build.0 = Debug|Any CPU
		{4FC2CB1A-43C4-4027-8A7A-5853755F6639}.Debug|iPhoneSimulator.ActiveCfg = Debug|Any CPU
		{4FC2CB1A-43C4-4027-8A7A-5853755F6639}.Debug|iPhoneSimulator.Build.0 = Debug|Any CPU
		{4FC2CB1A-43C4-4027-8A7A-5853755F6639}.Debug|x64.ActiveCfg = Debug|Any CPU
		{4FC2CB1A-43C4-4027-8A7A-5853755F6639}.Debug|x64.Build.0 = Debug|Any CPU
		{4FC2CB1A-43C4-4027-8A7A-5853755F6639}.Debug|x86.ActiveCfg = Debug|Any CPU
		{4FC2CB1A-43C4-4027-8A7A-5853755F6639}.Debug|x86.Build.0 = Debug|Any CPU
		{4FC2CB1A-43C4-4027-8A7A-5853755F6639}.Release|Any CPU.ActiveCfg = Release|Any CPU
		{4FC2CB1A-43C4-4027-8A7A-5853755F6639}.Release|Any CPU.Build.0 = Release|Any CPU
		{4FC2CB1A-43C4-4027-8A7A-5853755F6639}.Release|ARM.ActiveCfg = Release|Any CPU
		{4FC2CB1A-43C4-4027-8A7A-5853755F6639}.Release|ARM.Build.0 = Release|Any CPU
		{4FC2CB1A-43C4-4027-8A7A-5853755F6639}.Release|ARM64.ActiveCfg = Release|Any CPU
		{4FC2CB1A-43C4-4027-8A7A-5853755F6639}.Release|ARM64.Build.0 = Release|Any CPU
		{4FC2CB1A-43C4-4027-8A7A-5853755F6639}.Release|iPhone.ActiveCfg = Release|Any CPU
		{4FC2CB1A-43C4-4027-8A7A-5853755F6639}.Release|iPhone.Build.0 = Release|Any CPU
		{4FC2CB1A-43C4-4027-8A7A-5853755F6639}.Release|iPhoneSimulator.ActiveCfg = Release|Any CPU
		{4FC2CB1A-43C4-4027-8A7A-5853755F6639}.Release|iPhoneSimulator.Build.0 = Release|Any CPU
		{4FC2CB1A-43C4-4027-8A7A-5853755F6639}.Release|x64.ActiveCfg = Release|Any CPU
		{4FC2CB1A-43C4-4027-8A7A-5853755F6639}.Release|x64.Build.0 = Release|Any CPU
		{4FC2CB1A-43C4-4027-8A7A-5853755F6639}.Release|x86.ActiveCfg = Release|Any CPU
		{4FC2CB1A-43C4-4027-8A7A-5853755F6639}.Release|x86.Build.0 = Release|Any CPU
		{986743B7-DE6A-487E-B3C2-5A83BF2B4648}.Ad-Hoc|Any CPU.ActiveCfg = Debug|Any CPU
		{986743B7-DE6A-487E-B3C2-5A83BF2B4648}.Ad-Hoc|Any CPU.Build.0 = Debug|Any CPU
		{986743B7-DE6A-487E-B3C2-5A83BF2B4648}.Ad-Hoc|ARM.ActiveCfg = Debug|Any CPU
		{986743B7-DE6A-487E-B3C2-5A83BF2B4648}.Ad-Hoc|ARM.Build.0 = Debug|Any CPU
		{986743B7-DE6A-487E-B3C2-5A83BF2B4648}.Ad-Hoc|ARM64.ActiveCfg = Debug|Any CPU
		{986743B7-DE6A-487E-B3C2-5A83BF2B4648}.Ad-Hoc|ARM64.Build.0 = Debug|Any CPU
		{986743B7-DE6A-487E-B3C2-5A83BF2B4648}.Ad-Hoc|iPhone.ActiveCfg = Debug|Any CPU
		{986743B7-DE6A-487E-B3C2-5A83BF2B4648}.Ad-Hoc|iPhone.Build.0 = Debug|Any CPU
		{986743B7-DE6A-487E-B3C2-5A83BF2B4648}.Ad-Hoc|iPhoneSimulator.ActiveCfg = Debug|Any CPU
		{986743B7-DE6A-487E-B3C2-5A83BF2B4648}.Ad-Hoc|iPhoneSimulator.Build.0 = Debug|Any CPU
		{986743B7-DE6A-487E-B3C2-5A83BF2B4648}.Ad-Hoc|x64.ActiveCfg = Debug|Any CPU
		{986743B7-DE6A-487E-B3C2-5A83BF2B4648}.Ad-Hoc|x64.Build.0 = Debug|Any CPU
		{986743B7-DE6A-487E-B3C2-5A83BF2B4648}.Ad-Hoc|x86.ActiveCfg = Debug|Any CPU
		{986743B7-DE6A-487E-B3C2-5A83BF2B4648}.Ad-Hoc|x86.Build.0 = Debug|Any CPU
		{986743B7-DE6A-487E-B3C2-5A83BF2B4648}.AppStore|Any CPU.ActiveCfg = Debug|Any CPU
		{986743B7-DE6A-487E-B3C2-5A83BF2B4648}.AppStore|Any CPU.Build.0 = Debug|Any CPU
		{986743B7-DE6A-487E-B3C2-5A83BF2B4648}.AppStore|ARM.ActiveCfg = Debug|Any CPU
		{986743B7-DE6A-487E-B3C2-5A83BF2B4648}.AppStore|ARM.Build.0 = Debug|Any CPU
		{986743B7-DE6A-487E-B3C2-5A83BF2B4648}.AppStore|ARM64.ActiveCfg = Debug|Any CPU
		{986743B7-DE6A-487E-B3C2-5A83BF2B4648}.AppStore|ARM64.Build.0 = Debug|Any CPU
		{986743B7-DE6A-487E-B3C2-5A83BF2B4648}.AppStore|iPhone.ActiveCfg = Debug|Any CPU
		{986743B7-DE6A-487E-B3C2-5A83BF2B4648}.AppStore|iPhone.Build.0 = Debug|Any CPU
		{986743B7-DE6A-487E-B3C2-5A83BF2B4648}.AppStore|iPhoneSimulator.ActiveCfg = Debug|Any CPU
		{986743B7-DE6A-487E-B3C2-5A83BF2B4648}.AppStore|iPhoneSimulator.Build.0 = Debug|Any CPU
		{986743B7-DE6A-487E-B3C2-5A83BF2B4648}.AppStore|x64.ActiveCfg = Debug|Any CPU
		{986743B7-DE6A-487E-B3C2-5A83BF2B4648}.AppStore|x64.Build.0 = Debug|Any CPU
		{986743B7-DE6A-487E-B3C2-5A83BF2B4648}.AppStore|x86.ActiveCfg = Debug|Any CPU
		{986743B7-DE6A-487E-B3C2-5A83BF2B4648}.AppStore|x86.Build.0 = Debug|Any CPU
		{986743B7-DE6A-487E-B3C2-5A83BF2B4648}.Debug|Any CPU.ActiveCfg = Debug|Any CPU
		{986743B7-DE6A-487E-B3C2-5A83BF2B4648}.Debug|Any CPU.Build.0 = Debug|Any CPU
		{986743B7-DE6A-487E-B3C2-5A83BF2B4648}.Debug|ARM.ActiveCfg = Debug|Any CPU
		{986743B7-DE6A-487E-B3C2-5A83BF2B4648}.Debug|ARM.Build.0 = Debug|Any CPU
		{986743B7-DE6A-487E-B3C2-5A83BF2B4648}.Debug|ARM64.ActiveCfg = Debug|Any CPU
		{986743B7-DE6A-487E-B3C2-5A83BF2B4648}.Debug|ARM64.Build.0 = Debug|Any CPU
		{986743B7-DE6A-487E-B3C2-5A83BF2B4648}.Debug|iPhone.ActiveCfg = Debug|Any CPU
		{986743B7-DE6A-487E-B3C2-5A83BF2B4648}.Debug|iPhone.Build.0 = Debug|Any CPU
		{986743B7-DE6A-487E-B3C2-5A83BF2B4648}.Debug|iPhoneSimulator.ActiveCfg = Debug|Any CPU
		{986743B7-DE6A-487E-B3C2-5A83BF2B4648}.Debug|iPhoneSimulator.Build.0 = Debug|Any CPU
		{986743B7-DE6A-487E-B3C2-5A83BF2B4648}.Debug|x64.ActiveCfg = Debug|Any CPU
		{986743B7-DE6A-487E-B3C2-5A83BF2B4648}.Debug|x64.Build.0 = Debug|Any CPU
		{986743B7-DE6A-487E-B3C2-5A83BF2B4648}.Debug|x86.ActiveCfg = Debug|Any CPU
		{986743B7-DE6A-487E-B3C2-5A83BF2B4648}.Debug|x86.Build.0 = Debug|Any CPU
		{986743B7-DE6A-487E-B3C2-5A83BF2B4648}.Release|Any CPU.ActiveCfg = Release|Any CPU
		{986743B7-DE6A-487E-B3C2-5A83BF2B4648}.Release|Any CPU.Build.0 = Release|Any CPU
		{986743B7-DE6A-487E-B3C2-5A83BF2B4648}.Release|ARM.ActiveCfg = Release|Any CPU
		{986743B7-DE6A-487E-B3C2-5A83BF2B4648}.Release|ARM.Build.0 = Release|Any CPU
		{986743B7-DE6A-487E-B3C2-5A83BF2B4648}.Release|ARM64.ActiveCfg = Release|Any CPU
		{986743B7-DE6A-487E-B3C2-5A83BF2B4648}.Release|ARM64.Build.0 = Release|Any CPU
		{986743B7-DE6A-487E-B3C2-5A83BF2B4648}.Release|iPhone.ActiveCfg = Release|Any CPU
		{986743B7-DE6A-487E-B3C2-5A83BF2B4648}.Release|iPhone.Build.0 = Release|Any CPU
		{986743B7-DE6A-487E-B3C2-5A83BF2B4648}.Release|iPhoneSimulator.ActiveCfg = Release|Any CPU
		{986743B7-DE6A-487E-B3C2-5A83BF2B4648}.Release|iPhoneSimulator.Build.0 = Release|Any CPU
		{986743B7-DE6A-487E-B3C2-5A83BF2B4648}.Release|x64.ActiveCfg = Release|Any CPU
		{986743B7-DE6A-487E-B3C2-5A83BF2B4648}.Release|x64.Build.0 = Release|Any CPU
		{986743B7-DE6A-487E-B3C2-5A83BF2B4648}.Release|x86.ActiveCfg = Release|Any CPU
		{986743B7-DE6A-487E-B3C2-5A83BF2B4648}.Release|x86.Build.0 = Release|Any CPU
		{47F4AFB7-A151-4D21-82B0-A88BD9E9BAEC}.Ad-Hoc|Any CPU.ActiveCfg = Debug|Any CPU
		{47F4AFB7-A151-4D21-82B0-A88BD9E9BAEC}.Ad-Hoc|Any CPU.Build.0 = Debug|Any CPU
		{47F4AFB7-A151-4D21-82B0-A88BD9E9BAEC}.Ad-Hoc|ARM.ActiveCfg = Debug|Any CPU
		{47F4AFB7-A151-4D21-82B0-A88BD9E9BAEC}.Ad-Hoc|ARM.Build.0 = Debug|Any CPU
		{47F4AFB7-A151-4D21-82B0-A88BD9E9BAEC}.Ad-Hoc|ARM64.ActiveCfg = Debug|Any CPU
		{47F4AFB7-A151-4D21-82B0-A88BD9E9BAEC}.Ad-Hoc|ARM64.Build.0 = Debug|Any CPU
		{47F4AFB7-A151-4D21-82B0-A88BD9E9BAEC}.Ad-Hoc|iPhone.ActiveCfg = Debug|Any CPU
		{47F4AFB7-A151-4D21-82B0-A88BD9E9BAEC}.Ad-Hoc|iPhone.Build.0 = Debug|Any CPU
		{47F4AFB7-A151-4D21-82B0-A88BD9E9BAEC}.Ad-Hoc|iPhoneSimulator.ActiveCfg = Debug|Any CPU
		{47F4AFB7-A151-4D21-82B0-A88BD9E9BAEC}.Ad-Hoc|iPhoneSimulator.Build.0 = Debug|Any CPU
		{47F4AFB7-A151-4D21-82B0-A88BD9E9BAEC}.Ad-Hoc|x64.ActiveCfg = Debug|Any CPU
		{47F4AFB7-A151-4D21-82B0-A88BD9E9BAEC}.Ad-Hoc|x64.Build.0 = Debug|Any CPU
		{47F4AFB7-A151-4D21-82B0-A88BD9E9BAEC}.Ad-Hoc|x86.ActiveCfg = Debug|Any CPU
		{47F4AFB7-A151-4D21-82B0-A88BD9E9BAEC}.Ad-Hoc|x86.Build.0 = Debug|Any CPU
		{47F4AFB7-A151-4D21-82B0-A88BD9E9BAEC}.AppStore|Any CPU.ActiveCfg = Debug|Any CPU
		{47F4AFB7-A151-4D21-82B0-A88BD9E9BAEC}.AppStore|Any CPU.Build.0 = Debug|Any CPU
		{47F4AFB7-A151-4D21-82B0-A88BD9E9BAEC}.AppStore|ARM.ActiveCfg = Debug|Any CPU
		{47F4AFB7-A151-4D21-82B0-A88BD9E9BAEC}.AppStore|ARM.Build.0 = Debug|Any CPU
		{47F4AFB7-A151-4D21-82B0-A88BD9E9BAEC}.AppStore|ARM64.ActiveCfg = Debug|Any CPU
		{47F4AFB7-A151-4D21-82B0-A88BD9E9BAEC}.AppStore|ARM64.Build.0 = Debug|Any CPU
		{47F4AFB7-A151-4D21-82B0-A88BD9E9BAEC}.AppStore|iPhone.ActiveCfg = Debug|Any CPU
		{47F4AFB7-A151-4D21-82B0-A88BD9E9BAEC}.AppStore|iPhone.Build.0 = Debug|Any CPU
		{47F4AFB7-A151-4D21-82B0-A88BD9E9BAEC}.AppStore|iPhoneSimulator.ActiveCfg = Debug|Any CPU
		{47F4AFB7-A151-4D21-82B0-A88BD9E9BAEC}.AppStore|iPhoneSimulator.Build.0 = Debug|Any CPU
		{47F4AFB7-A151-4D21-82B0-A88BD9E9BAEC}.AppStore|x64.ActiveCfg = Debug|Any CPU
		{47F4AFB7-A151-4D21-82B0-A88BD9E9BAEC}.AppStore|x64.Build.0 = Debug|Any CPU
		{47F4AFB7-A151-4D21-82B0-A88BD9E9BAEC}.AppStore|x86.ActiveCfg = Debug|Any CPU
		{47F4AFB7-A151-4D21-82B0-A88BD9E9BAEC}.AppStore|x86.Build.0 = Debug|Any CPU
		{47F4AFB7-A151-4D21-82B0-A88BD9E9BAEC}.Debug|Any CPU.ActiveCfg = Debug|Any CPU
		{47F4AFB7-A151-4D21-82B0-A88BD9E9BAEC}.Debug|Any CPU.Build.0 = Debug|Any CPU
		{47F4AFB7-A151-4D21-82B0-A88BD9E9BAEC}.Debug|ARM.ActiveCfg = Debug|Any CPU
		{47F4AFB7-A151-4D21-82B0-A88BD9E9BAEC}.Debug|ARM.Build.0 = Debug|Any CPU
		{47F4AFB7-A151-4D21-82B0-A88BD9E9BAEC}.Debug|ARM64.ActiveCfg = Debug|Any CPU
		{47F4AFB7-A151-4D21-82B0-A88BD9E9BAEC}.Debug|ARM64.Build.0 = Debug|Any CPU
		{47F4AFB7-A151-4D21-82B0-A88BD9E9BAEC}.Debug|iPhone.ActiveCfg = Debug|Any CPU
		{47F4AFB7-A151-4D21-82B0-A88BD9E9BAEC}.Debug|iPhone.Build.0 = Debug|Any CPU
		{47F4AFB7-A151-4D21-82B0-A88BD9E9BAEC}.Debug|iPhoneSimulator.ActiveCfg = Debug|Any CPU
		{47F4AFB7-A151-4D21-82B0-A88BD9E9BAEC}.Debug|iPhoneSimulator.Build.0 = Debug|Any CPU
		{47F4AFB7-A151-4D21-82B0-A88BD9E9BAEC}.Debug|x64.ActiveCfg = Debug|Any CPU
		{47F4AFB7-A151-4D21-82B0-A88BD9E9BAEC}.Debug|x64.Build.0 = Debug|Any CPU
		{47F4AFB7-A151-4D21-82B0-A88BD9E9BAEC}.Debug|x86.ActiveCfg = Debug|Any CPU
		{47F4AFB7-A151-4D21-82B0-A88BD9E9BAEC}.Debug|x86.Build.0 = Debug|Any CPU
		{47F4AFB7-A151-4D21-82B0-A88BD9E9BAEC}.Release|Any CPU.ActiveCfg = Release|Any CPU
		{47F4AFB7-A151-4D21-82B0-A88BD9E9BAEC}.Release|Any CPU.Build.0 = Release|Any CPU
		{47F4AFB7-A151-4D21-82B0-A88BD9E9BAEC}.Release|ARM.ActiveCfg = Release|Any CPU
		{47F4AFB7-A151-4D21-82B0-A88BD9E9BAEC}.Release|ARM.Build.0 = Release|Any CPU
		{47F4AFB7-A151-4D21-82B0-A88BD9E9BAEC}.Release|ARM64.ActiveCfg = Release|Any CPU
		{47F4AFB7-A151-4D21-82B0-A88BD9E9BAEC}.Release|ARM64.Build.0 = Release|Any CPU
		{47F4AFB7-A151-4D21-82B0-A88BD9E9BAEC}.Release|iPhone.ActiveCfg = Release|Any CPU
		{47F4AFB7-A151-4D21-82B0-A88BD9E9BAEC}.Release|iPhone.Build.0 = Release|Any CPU
		{47F4AFB7-A151-4D21-82B0-A88BD9E9BAEC}.Release|iPhoneSimulator.ActiveCfg = Release|Any CPU
		{47F4AFB7-A151-4D21-82B0-A88BD9E9BAEC}.Release|iPhoneSimulator.Build.0 = Release|Any CPU
		{47F4AFB7-A151-4D21-82B0-A88BD9E9BAEC}.Release|x64.ActiveCfg = Release|Any CPU
		{47F4AFB7-A151-4D21-82B0-A88BD9E9BAEC}.Release|x64.Build.0 = Release|Any CPU
		{47F4AFB7-A151-4D21-82B0-A88BD9E9BAEC}.Release|x86.ActiveCfg = Release|Any CPU
		{47F4AFB7-A151-4D21-82B0-A88BD9E9BAEC}.Release|x86.Build.0 = Release|Any CPU
		{FE3A2DB9-88B5-43CF-A3CF-C3537C100D9B}.Ad-Hoc|Any CPU.ActiveCfg = Debug|Any CPU
		{FE3A2DB9-88B5-43CF-A3CF-C3537C100D9B}.Ad-Hoc|Any CPU.Build.0 = Debug|Any CPU
		{FE3A2DB9-88B5-43CF-A3CF-C3537C100D9B}.Ad-Hoc|ARM.ActiveCfg = Debug|Any CPU
		{FE3A2DB9-88B5-43CF-A3CF-C3537C100D9B}.Ad-Hoc|ARM.Build.0 = Debug|Any CPU
		{FE3A2DB9-88B5-43CF-A3CF-C3537C100D9B}.Ad-Hoc|ARM64.ActiveCfg = Debug|Any CPU
		{FE3A2DB9-88B5-43CF-A3CF-C3537C100D9B}.Ad-Hoc|ARM64.Build.0 = Debug|Any CPU
		{FE3A2DB9-88B5-43CF-A3CF-C3537C100D9B}.Ad-Hoc|iPhone.ActiveCfg = Debug|Any CPU
		{FE3A2DB9-88B5-43CF-A3CF-C3537C100D9B}.Ad-Hoc|iPhone.Build.0 = Debug|Any CPU
		{FE3A2DB9-88B5-43CF-A3CF-C3537C100D9B}.Ad-Hoc|iPhoneSimulator.ActiveCfg = Debug|Any CPU
		{FE3A2DB9-88B5-43CF-A3CF-C3537C100D9B}.Ad-Hoc|iPhoneSimulator.Build.0 = Debug|Any CPU
		{FE3A2DB9-88B5-43CF-A3CF-C3537C100D9B}.Ad-Hoc|x64.ActiveCfg = Debug|Any CPU
		{FE3A2DB9-88B5-43CF-A3CF-C3537C100D9B}.Ad-Hoc|x64.Build.0 = Debug|Any CPU
		{FE3A2DB9-88B5-43CF-A3CF-C3537C100D9B}.Ad-Hoc|x86.ActiveCfg = Debug|Any CPU
		{FE3A2DB9-88B5-43CF-A3CF-C3537C100D9B}.Ad-Hoc|x86.Build.0 = Debug|Any CPU
		{FE3A2DB9-88B5-43CF-A3CF-C3537C100D9B}.AppStore|Any CPU.ActiveCfg = Debug|Any CPU
		{FE3A2DB9-88B5-43CF-A3CF-C3537C100D9B}.AppStore|Any CPU.Build.0 = Debug|Any CPU
		{FE3A2DB9-88B5-43CF-A3CF-C3537C100D9B}.AppStore|ARM.ActiveCfg = Debug|Any CPU
		{FE3A2DB9-88B5-43CF-A3CF-C3537C100D9B}.AppStore|ARM.Build.0 = Debug|Any CPU
		{FE3A2DB9-88B5-43CF-A3CF-C3537C100D9B}.AppStore|ARM64.ActiveCfg = Debug|Any CPU
		{FE3A2DB9-88B5-43CF-A3CF-C3537C100D9B}.AppStore|ARM64.Build.0 = Debug|Any CPU
		{FE3A2DB9-88B5-43CF-A3CF-C3537C100D9B}.AppStore|iPhone.ActiveCfg = Debug|Any CPU
		{FE3A2DB9-88B5-43CF-A3CF-C3537C100D9B}.AppStore|iPhone.Build.0 = Debug|Any CPU
		{FE3A2DB9-88B5-43CF-A3CF-C3537C100D9B}.AppStore|iPhoneSimulator.ActiveCfg = Debug|Any CPU
		{FE3A2DB9-88B5-43CF-A3CF-C3537C100D9B}.AppStore|iPhoneSimulator.Build.0 = Debug|Any CPU
		{FE3A2DB9-88B5-43CF-A3CF-C3537C100D9B}.AppStore|x64.ActiveCfg = Debug|Any CPU
		{FE3A2DB9-88B5-43CF-A3CF-C3537C100D9B}.AppStore|x64.Build.0 = Debug|Any CPU
		{FE3A2DB9-88B5-43CF-A3CF-C3537C100D9B}.AppStore|x86.ActiveCfg = Debug|Any CPU
		{FE3A2DB9-88B5-43CF-A3CF-C3537C100D9B}.AppStore|x86.Build.0 = Debug|Any CPU
		{FE3A2DB9-88B5-43CF-A3CF-C3537C100D9B}.Debug|Any CPU.ActiveCfg = Debug|Any CPU
		{FE3A2DB9-88B5-43CF-A3CF-C3537C100D9B}.Debug|Any CPU.Build.0 = Debug|Any CPU
		{FE3A2DB9-88B5-43CF-A3CF-C3537C100D9B}.Debug|ARM.ActiveCfg = Debug|Any CPU
		{FE3A2DB9-88B5-43CF-A3CF-C3537C100D9B}.Debug|ARM.Build.0 = Debug|Any CPU
		{FE3A2DB9-88B5-43CF-A3CF-C3537C100D9B}.Debug|ARM64.ActiveCfg = Debug|Any CPU
		{FE3A2DB9-88B5-43CF-A3CF-C3537C100D9B}.Debug|ARM64.Build.0 = Debug|Any CPU
		{FE3A2DB9-88B5-43CF-A3CF-C3537C100D9B}.Debug|iPhone.ActiveCfg = Debug|Any CPU
		{FE3A2DB9-88B5-43CF-A3CF-C3537C100D9B}.Debug|iPhone.Build.0 = Debug|Any CPU
		{FE3A2DB9-88B5-43CF-A3CF-C3537C100D9B}.Debug|iPhoneSimulator.ActiveCfg = Debug|Any CPU
		{FE3A2DB9-88B5-43CF-A3CF-C3537C100D9B}.Debug|iPhoneSimulator.Build.0 = Debug|Any CPU
		{FE3A2DB9-88B5-43CF-A3CF-C3537C100D9B}.Debug|x64.ActiveCfg = Debug|Any CPU
		{FE3A2DB9-88B5-43CF-A3CF-C3537C100D9B}.Debug|x64.Build.0 = Debug|Any CPU
		{FE3A2DB9-88B5-43CF-A3CF-C3537C100D9B}.Debug|x86.ActiveCfg = Debug|Any CPU
		{FE3A2DB9-88B5-43CF-A3CF-C3537C100D9B}.Debug|x86.Build.0 = Debug|Any CPU
		{FE3A2DB9-88B5-43CF-A3CF-C3537C100D9B}.Release|Any CPU.ActiveCfg = Release|Any CPU
		{FE3A2DB9-88B5-43CF-A3CF-C3537C100D9B}.Release|Any CPU.Build.0 = Release|Any CPU
		{FE3A2DB9-88B5-43CF-A3CF-C3537C100D9B}.Release|ARM.ActiveCfg = Release|Any CPU
		{FE3A2DB9-88B5-43CF-A3CF-C3537C100D9B}.Release|ARM.Build.0 = Release|Any CPU
		{FE3A2DB9-88B5-43CF-A3CF-C3537C100D9B}.Release|ARM64.ActiveCfg = Release|Any CPU
		{FE3A2DB9-88B5-43CF-A3CF-C3537C100D9B}.Release|ARM64.Build.0 = Release|Any CPU
		{FE3A2DB9-88B5-43CF-A3CF-C3537C100D9B}.Release|iPhone.ActiveCfg = Release|Any CPU
		{FE3A2DB9-88B5-43CF-A3CF-C3537C100D9B}.Release|iPhone.Build.0 = Release|Any CPU
		{FE3A2DB9-88B5-43CF-A3CF-C3537C100D9B}.Release|iPhoneSimulator.ActiveCfg = Release|Any CPU
		{FE3A2DB9-88B5-43CF-A3CF-C3537C100D9B}.Release|iPhoneSimulator.Build.0 = Release|Any CPU
		{FE3A2DB9-88B5-43CF-A3CF-C3537C100D9B}.Release|x64.ActiveCfg = Release|Any CPU
		{FE3A2DB9-88B5-43CF-A3CF-C3537C100D9B}.Release|x64.Build.0 = Release|Any CPU
		{FE3A2DB9-88B5-43CF-A3CF-C3537C100D9B}.Release|x86.ActiveCfg = Release|Any CPU
		{FE3A2DB9-88B5-43CF-A3CF-C3537C100D9B}.Release|x86.Build.0 = Release|Any CPU
		{CED5DB38-2971-49C0-A50B-BA0507697562}.Ad-Hoc|Any CPU.ActiveCfg = Debug|Any CPU
		{CED5DB38-2971-49C0-A50B-BA0507697562}.Ad-Hoc|Any CPU.Build.0 = Debug|Any CPU
		{CED5DB38-2971-49C0-A50B-BA0507697562}.Ad-Hoc|ARM.ActiveCfg = Debug|Any CPU
		{CED5DB38-2971-49C0-A50B-BA0507697562}.Ad-Hoc|ARM.Build.0 = Debug|Any CPU
		{CED5DB38-2971-49C0-A50B-BA0507697562}.Ad-Hoc|ARM64.ActiveCfg = Debug|Any CPU
		{CED5DB38-2971-49C0-A50B-BA0507697562}.Ad-Hoc|ARM64.Build.0 = Debug|Any CPU
		{CED5DB38-2971-49C0-A50B-BA0507697562}.Ad-Hoc|iPhone.ActiveCfg = Debug|Any CPU
		{CED5DB38-2971-49C0-A50B-BA0507697562}.Ad-Hoc|iPhone.Build.0 = Debug|Any CPU
		{CED5DB38-2971-49C0-A50B-BA0507697562}.Ad-Hoc|iPhoneSimulator.ActiveCfg = Debug|Any CPU
		{CED5DB38-2971-49C0-A50B-BA0507697562}.Ad-Hoc|iPhoneSimulator.Build.0 = Debug|Any CPU
		{CED5DB38-2971-49C0-A50B-BA0507697562}.Ad-Hoc|x64.ActiveCfg = Debug|Any CPU
		{CED5DB38-2971-49C0-A50B-BA0507697562}.Ad-Hoc|x64.Build.0 = Debug|Any CPU
		{CED5DB38-2971-49C0-A50B-BA0507697562}.Ad-Hoc|x86.ActiveCfg = Debug|Any CPU
		{CED5DB38-2971-49C0-A50B-BA0507697562}.Ad-Hoc|x86.Build.0 = Debug|Any CPU
		{CED5DB38-2971-49C0-A50B-BA0507697562}.AppStore|Any CPU.ActiveCfg = Debug|Any CPU
		{CED5DB38-2971-49C0-A50B-BA0507697562}.AppStore|Any CPU.Build.0 = Debug|Any CPU
		{CED5DB38-2971-49C0-A50B-BA0507697562}.AppStore|ARM.ActiveCfg = Debug|Any CPU
		{CED5DB38-2971-49C0-A50B-BA0507697562}.AppStore|ARM.Build.0 = Debug|Any CPU
		{CED5DB38-2971-49C0-A50B-BA0507697562}.AppStore|ARM64.ActiveCfg = Debug|Any CPU
		{CED5DB38-2971-49C0-A50B-BA0507697562}.AppStore|ARM64.Build.0 = Debug|Any CPU
		{CED5DB38-2971-49C0-A50B-BA0507697562}.AppStore|iPhone.ActiveCfg = Debug|Any CPU
		{CED5DB38-2971-49C0-A50B-BA0507697562}.AppStore|iPhone.Build.0 = Debug|Any CPU
		{CED5DB38-2971-49C0-A50B-BA0507697562}.AppStore|iPhoneSimulator.ActiveCfg = Debug|Any CPU
		{CED5DB38-2971-49C0-A50B-BA0507697562}.AppStore|iPhoneSimulator.Build.0 = Debug|Any CPU
		{CED5DB38-2971-49C0-A50B-BA0507697562}.AppStore|x64.ActiveCfg = Debug|Any CPU
		{CED5DB38-2971-49C0-A50B-BA0507697562}.AppStore|x64.Build.0 = Debug|Any CPU
		{CED5DB38-2971-49C0-A50B-BA0507697562}.AppStore|x86.ActiveCfg = Debug|Any CPU
		{CED5DB38-2971-49C0-A50B-BA0507697562}.AppStore|x86.Build.0 = Debug|Any CPU
		{CED5DB38-2971-49C0-A50B-BA0507697562}.Debug|Any CPU.ActiveCfg = Debug|Any CPU
		{CED5DB38-2971-49C0-A50B-BA0507697562}.Debug|Any CPU.Build.0 = Debug|Any CPU
		{CED5DB38-2971-49C0-A50B-BA0507697562}.Debug|ARM.ActiveCfg = Debug|Any CPU
		{CED5DB38-2971-49C0-A50B-BA0507697562}.Debug|ARM.Build.0 = Debug|Any CPU
		{CED5DB38-2971-49C0-A50B-BA0507697562}.Debug|ARM64.ActiveCfg = Debug|Any CPU
		{CED5DB38-2971-49C0-A50B-BA0507697562}.Debug|ARM64.Build.0 = Debug|Any CPU
		{CED5DB38-2971-49C0-A50B-BA0507697562}.Debug|iPhone.ActiveCfg = Debug|Any CPU
		{CED5DB38-2971-49C0-A50B-BA0507697562}.Debug|iPhone.Build.0 = Debug|Any CPU
		{CED5DB38-2971-49C0-A50B-BA0507697562}.Debug|iPhoneSimulator.ActiveCfg = Debug|Any CPU
		{CED5DB38-2971-49C0-A50B-BA0507697562}.Debug|iPhoneSimulator.Build.0 = Debug|Any CPU
		{CED5DB38-2971-49C0-A50B-BA0507697562}.Debug|x64.ActiveCfg = Debug|Any CPU
		{CED5DB38-2971-49C0-A50B-BA0507697562}.Debug|x64.Build.0 = Debug|Any CPU
		{CED5DB38-2971-49C0-A50B-BA0507697562}.Debug|x86.ActiveCfg = Debug|Any CPU
		{CED5DB38-2971-49C0-A50B-BA0507697562}.Debug|x86.Build.0 = Debug|Any CPU
		{CED5DB38-2971-49C0-A50B-BA0507697562}.Release|Any CPU.ActiveCfg = Release|Any CPU
		{CED5DB38-2971-49C0-A50B-BA0507697562}.Release|Any CPU.Build.0 = Release|Any CPU
		{CED5DB38-2971-49C0-A50B-BA0507697562}.Release|ARM.ActiveCfg = Release|Any CPU
		{CED5DB38-2971-49C0-A50B-BA0507697562}.Release|ARM.Build.0 = Release|Any CPU
		{CED5DB38-2971-49C0-A50B-BA0507697562}.Release|ARM64.ActiveCfg = Release|Any CPU
		{CED5DB38-2971-49C0-A50B-BA0507697562}.Release|ARM64.Build.0 = Release|Any CPU
		{CED5DB38-2971-49C0-A50B-BA0507697562}.Release|iPhone.ActiveCfg = Release|Any CPU
		{CED5DB38-2971-49C0-A50B-BA0507697562}.Release|iPhone.Build.0 = Release|Any CPU
		{CED5DB38-2971-49C0-A50B-BA0507697562}.Release|iPhoneSimulator.ActiveCfg = Release|Any CPU
		{CED5DB38-2971-49C0-A50B-BA0507697562}.Release|iPhoneSimulator.Build.0 = Release|Any CPU
		{CED5DB38-2971-49C0-A50B-BA0507697562}.Release|x64.ActiveCfg = Release|Any CPU
		{CED5DB38-2971-49C0-A50B-BA0507697562}.Release|x64.Build.0 = Release|Any CPU
		{CED5DB38-2971-49C0-A50B-BA0507697562}.Release|x86.ActiveCfg = Release|Any CPU
		{CED5DB38-2971-49C0-A50B-BA0507697562}.Release|x86.Build.0 = Release|Any CPU
	EndGlobalSection
	GlobalSection(SolutionProperties) = preSolution
		HideSolutionNode = FALSE
	EndGlobalSection
	GlobalSection(NestedProjects) = preSolution
		{25FC7691-1A6E-4590-93F0-8DE0A7C743E5} = {2A7E12AE-6C82-4318-B7E2-B00780DFCF2B}
		{EA9E3FC3-E327-48A1-869F-1EED83605B65} = {2A7E12AE-6C82-4318-B7E2-B00780DFCF2B}
		{A22BE836-CD9E-4645-A073-DF18B1562398} = {2A7E12AE-6C82-4318-B7E2-B00780DFCF2B}
		{EA85F40E-61AF-4E0C-B401-35BDD7259ADF} = {2A7E12AE-6C82-4318-B7E2-B00780DFCF2B}
		{971491E4-186D-4975-88B5-CFFCE427E75B} = {2A7E12AE-6C82-4318-B7E2-B00780DFCF2B}
		{4FC2CB1A-43C4-4027-8A7A-5853755F6639} = {2A7E12AE-6C82-4318-B7E2-B00780DFCF2B}
		{986743B7-DE6A-487E-B3C2-5A83BF2B4648} = {2A7E12AE-6C82-4318-B7E2-B00780DFCF2B}
		{47F4AFB7-A151-4D21-82B0-A88BD9E9BAEC} = {2A7E12AE-6C82-4318-B7E2-B00780DFCF2B}
		{FE3A2DB9-88B5-43CF-A3CF-C3537C100D9B} = {2A7E12AE-6C82-4318-B7E2-B00780DFCF2B}
	EndGlobalSection
	GlobalSection(ExtensibilityGlobals) = postSolution
		SolutionGuid = {87CEA38D-B9AA-4382-A2ED-07669EF3CB9B}
	EndGlobalSection
EndGlobal
