
Microsoft Visual Studio Solution File, Format Version 12.00
# Visual Studio Version 16
VisualStudioVersion = 16.0.31025.218
MinimumVisualStudioVersion = 10.0.40219.1
Project("{9A19103F-16F7-4668-BE54-9A1E7A4F7556}") = "UnoBookRail.Common", "UnoBookRail.Common\UnoBookRail.Common.csproj", "{D044FA91-3952-4785-A3FC-60F5F42C2865}"
EndProject
Project("{FAE04EC0-301F-11D3-BF4B-00C04F79EFBC}") = "UnoBookRail.Common.Tests", "UnoBookRail.Common.Tests\UnoBookRail.Common.Tests.csproj", "{8ABC20A0-DCD3-4B79-9000-B966FEB5E323}"
EndProject
Global
	GlobalSection(SolutionConfigurationPlatforms) = preSolution
		Debug|Any CPU = Debug|Any CPU
		Release|Any CPU = Release|Any CPU
	EndGlobalSection
	GlobalSection(ProjectConfigurationPlatforms) = postSolution
		{D044FA91-3952-4785-A3FC-60F5F42C2865}.Debug|Any CPU.ActiveCfg = Debug|Any CPU
		{D044FA91-3952-4785-A3FC-60F5F42C2865}.Debug|Any CPU.Build.0 = Debug|Any CPU
		{D044FA91-3952-4785-A3FC-60F5F42C2865}.Release|Any CPU.ActiveCfg = Release|Any CPU
		{D044FA91-3952-4785-A3FC-60F5F42C2865}.Release|Any CPU.Build.0 = Release|Any CPU
		{8ABC20A0-DCD3-4B79-9000-B966FEB5E323}.Debug|Any CPU.ActiveCfg = Debug|Any CPU
		{8ABC20A0-DCD3-4B79-9000-B966FEB5E323}.Debug|Any CPU.Build.0 = Debug|Any CPU
		{8ABC20A0-DCD3-4B79-9000-B966FEB5E323}.Release|Any CPU.ActiveCfg = Release|Any CPU
		{8ABC20A0-DCD3-4B79-9000-B966FEB5E323}.Release|Any CPU.Build.0 = Release|Any CPU
	EndGlobalSection
	GlobalSection(SolutionProperties) = preSolution
		HideSolutionNode = FALSE
	EndGlobalSection
	GlobalSection(ExtensibilityGlobals) = postSolution
		SolutionGuid = {36EE24FA-2CC3-44BA-929E-9D254565B255}
	EndGlobalSection
EndGlobal
